// !$*UTF8*$!
{
	archiveVersion = 1;
	classes = {
	};
	objectVersion = 77;
	objects = {

/* Begin PBXBuildFile section */
		0CF57ED6219C2A43F127A4B4 /* KeychainCredentialStoreTests.swift in Sources */ = {isa = PBXBuildFile; fileRef = 47F5C281177B1FB71B6A03F1 /* KeychainCredentialStoreTests.swift */; };
		16B61147D0610C6634A29FDD /* URLSessionHTTPClient.swift in Sources */ = {isa = PBXBuildFile; fileRef = 62EFCA5345D6D5FE063C39E9 /* URLSessionHTTPClient.swift */; };
		341502C8DF67214A9912C9E8 /* FakeHTTPClient.swift in Sources */ = {isa = PBXBuildFile; fileRef = 3E1FD209811761D8D2101BF1 /* FakeHTTPClient.swift */; };
		36AB016E69688C6D95CFFC19 /* AccountSettingsViewModelTests.swift in Sources */ = {isa = PBXBuildFile; fileRef = CEC5FE6FD125A9902AA3618F /* AccountSettingsViewModelTests.swift */; };
		36FCE75FF558105731CFF8D9 /* AppViewModelTests.swift in Sources */ = {isa = PBXBuildFile; fileRef = 0A8B6FC2F9366AAE8BB0C598 /* AppViewModelTests.swift */; };
		41ECBDF569D070C193CA8B7A /* AccountsSettingsView.swift in Sources */ = {isa = PBXBuildFile; fileRef = D87F9C3CBC9ED08FED9DE2A5 /* AccountsSettingsView.swift */; };
		445D4FA16972CE66518E168E /* CredentialStore.swift in Sources */ = {isa = PBXBuildFile; fileRef = 79AB8074B958DA4E2AC08BE9 /* CredentialStore.swift */; };
		4AA901C5AAFA0D35122ED964 /* ChatterBatUITests.swift in Sources */ = {isa = PBXBuildFile; fileRef = A48EEDB52DA2B3B9C7353D9B /* ChatterBatUITests.swift */; };
		52DFEF0F2D0213E70D0EE359 /* RootView.swift in Sources */ = {isa = PBXBuildFile; fileRef = 819A422C901BF9B1FAA41A65 /* RootView.swift */; };
		5FF1B5E1C4D33C11A9EBCDD7 /* ChatterBatApp.swift in Sources */ = {isa = PBXBuildFile; fileRef = 555804DF0D98D980793310D3 /* ChatterBatApp.swift */; };
		67EE2C1528E880FBAAC0E1A1 /* AccountSettingsViewModel.swift in Sources */ = {isa = PBXBuildFile; fileRef = 2F743664A19FF240FBA0CD91 /* AccountSettingsViewModel.swift */; };
		696321496F532D4AD2FECE37 /* ConnectionState.swift in Sources */ = {isa = PBXBuildFile; fileRef = EC79499B8AC126496A5D8CA1 /* ConnectionState.swift */; };
		778669D53F1EB2238309F32A /* VeniceConnectionChecker.swift in Sources */ = {isa = PBXBuildFile; fileRef = C4B1D2FBB5DC1DE3A21125FD /* VeniceConnectionChecker.swift */; };
		7A494858407747E3552BFF8D /* OpenRouterConnectionCheckerTests.swift in Sources */ = {isa = PBXBuildFile; fileRef = 9A6586C3FF5BF824CD17ED6F /* OpenRouterConnectionCheckerTests.swift */; };
		7BF245C2DAAB38A9F1EC3F65 /* ConversationTests.swift in Sources */ = {isa = PBXBuildFile; fileRef = 981573A74AAA4A3DBBAC0584 /* ConversationTests.swift */; };
		80D73B528DEFD89E467CFB5C /* SidebarView.swift in Sources */ = {isa = PBXBuildFile; fileRef = E5AF8D3E93040ECF482632D3 /* SidebarView.swift */; };
		833D1FFD45BFFC38C8FFB2DF /* DemoFixtures.swift in Sources */ = {isa = PBXBuildFile; fileRef = 7232B233648F9C68C900CDCA /* DemoFixtures.swift */; };
		856C59F43C0CE6A0495575CB /* OpenRouterConnectionChecker.swift in Sources */ = {isa = PBXBuildFile; fileRef = 9F924A3FC760723C1EC1CDDF /* OpenRouterConnectionChecker.swift */; };
		898312DEAC303173FA7A9CEC /* ModelPickerPlaceholderView.swift in Sources */ = {isa = PBXBuildFile; fileRef = 32EC234FCC987ABF225F5DD0 /* ModelPickerPlaceholderView.swift */; };
		899BFAF5AD42C8EECAD859D5 /* InMemoryCredentialStore.swift in Sources */ = {isa = PBXBuildFile; fileRef = B389342A1802D0883018F85D /* InMemoryCredentialStore.swift */; };
		957E20EB3A1B793459C3CCD2 /* AppDependencies.swift in Sources */ = {isa = PBXBuildFile; fileRef = 77727A6F735DC1A58AA090E3 /* AppDependencies.swift */; };
		9ACA9DFF565B14F27891F2C7 /* ConversationDetailView.swift in Sources */ = {isa = PBXBuildFile; fileRef = 20B62D73A664359B7B4D4DBF /* ConversationDetailView.swift */; };
		AF46EDCB62E7792CEAD93B96 /* Assets.xcassets in Resources */ = {isa = PBXBuildFile; fileRef = 3ACB8A324060B727D666C00E /* Assets.xcassets */; };
		BE8D62C91C1566FCFA98CD00 /* AIService.swift in Sources */ = {isa = PBXBuildFile; fileRef = 5F0FD74A5952FDB0011A7EAD /* AIService.swift */; };
		C63F719124417703C6862847 /* VeniceConnectionCheckerTests.swift in Sources */ = {isa = PBXBuildFile; fileRef = 88448C9DAC735F899CA79019 /* VeniceConnectionCheckerTests.swift */; };
		CD29703EE74B391C9CCBED82 /* KeychainCredentialStore.swift in Sources */ = {isa = PBXBuildFile; fileRef = AEAC8219A38E4FB8A6771FD6 /* KeychainCredentialStore.swift */; };
		CF0DC73CE0CDDE2F0AB0842D /* ConnectionCheckOutcome.swift in Sources */ = {isa = PBXBuildFile; fileRef = 49FF3C4C155B2DAD78400017 /* ConnectionCheckOutcome.swift */; };
		D809A7980D481E1986D5AC28 /* SettingsView.swift in Sources */ = {isa = PBXBuildFile; fileRef = BEF5A938004D6689584F9A91 /* SettingsView.swift */; };
		DB2FFB4FF561431BF4C3858B /* Conversation.swift in Sources */ = {isa = PBXBuildFile; fileRef = C422BB3089D4F1A4AF94FA11 /* Conversation.swift */; };
		E652DB9A6354D8310E4E5B43 /* HTTPClient.swift in Sources */ = {isa = PBXBuildFile; fileRef = 2CFBF7287E3B2DE47556E4CC /* HTTPClient.swift */; };
		E6996DE894CB189179229B32 /* AppViewModel.swift in Sources */ = {isa = PBXBuildFile; fileRef = 0023B830F494351AD69717B2 /* AppViewModel.swift */; };
		EEF33DC9ABD39960BB08ACE5 /* FakeConnectionChecker.swift in Sources */ = {isa = PBXBuildFile; fileRef = 4149F525542074B01C254B07 /* FakeConnectionChecker.swift */; };
/* End PBXBuildFile section */

/* Begin PBXContainerItemProxy section */
		508546CD421274F6F7BF3053 /* PBXContainerItemProxy */ = {
			isa = PBXContainerItemProxy;
			containerPortal = F0E3DB8F2C25555A4BA7DE97 /* Project object */;
			proxyType = 1;
			remoteGlobalIDString = E7375FA269199486F4D7175D;
			remoteInfo = ChatterBat;
		};
		842EF580F5F983269285D513 /* PBXContainerItemProxy */ = {
			isa = PBXContainerItemProxy;
			containerPortal = F0E3DB8F2C25555A4BA7DE97 /* Project object */;
			proxyType = 1;
			remoteGlobalIDString = E7375FA269199486F4D7175D;
			remoteInfo = ChatterBat;
		};
/* End PBXContainerItemProxy section */

/* Begin PBXFileReference section */
		0023B830F494351AD69717B2 /* AppViewModel.swift */ = {isa = PBXFileReference; lastKnownFileType = sourcecode.swift; path = AppViewModel.swift; sourceTree = "<group>"; };
		0A8B6FC2F9366AAE8BB0C598 /* AppViewModelTests.swift */ = {isa = PBXFileReference; lastKnownFileType = sourcecode.swift; path = AppViewModelTests.swift; sourceTree = "<group>"; };
		20B62D73A664359B7B4D4DBF /* ConversationDetailView.swift */ = {isa = PBXFileReference; lastKnownFileType = sourcecode.swift; path = ConversationDetailView.swift; sourceTree = "<group>"; };
		2CFBF7287E3B2DE47556E4CC /* HTTPClient.swift */ = {isa = PBXFileReference; lastKnownFileType = sourcecode.swift; path = HTTPClient.swift; sourceTree = "<group>"; };
		2F743664A19FF240FBA0CD91 /* AccountSettingsViewModel.swift */ = {isa = PBXFileReference; lastKnownFileType = sourcecode.swift; path = AccountSettingsViewModel.swift; sourceTree = "<group>"; };
		32EC234FCC987ABF225F5DD0 /* ModelPickerPlaceholderView.swift */ = {isa = PBXFileReference; lastKnownFileType = sourcecode.swift; path = ModelPickerPlaceholderView.swift; sourceTree = "<group>"; };
		3ACB8A324060B727D666C00E /* Assets.xcassets */ = {isa = PBXFileReference; lastKnownFileType = folder.assetcatalog; path = Assets.xcassets; sourceTree = "<group>"; };
		3E1FD209811761D8D2101BF1 /* FakeHTTPClient.swift */ = {isa = PBXFileReference; lastKnownFileType = sourcecode.swift; path = FakeHTTPClient.swift; sourceTree = "<group>"; };
		4149F525542074B01C254B07 /* FakeConnectionChecker.swift */ = {isa = PBXFileReference; lastKnownFileType = sourcecode.swift; path = FakeConnectionChecker.swift; sourceTree = "<group>"; };
		47F5C281177B1FB71B6A03F1 /* KeychainCredentialStoreTests.swift */ = {isa = PBXFileReference; lastKnownFileType = sourcecode.swift; path = KeychainCredentialStoreTests.swift; sourceTree = "<group>"; };
		49FF3C4C155B2DAD78400017 /* ConnectionCheckOutcome.swift */ = {isa = PBXFileReference; lastKnownFileType = sourcecode.swift; path = ConnectionCheckOutcome.swift; sourceTree = "<group>"; };
		555804DF0D98D980793310D3 /* ChatterBatApp.swift */ = {isa = PBXFileReference; lastKnownFileType = sourcecode.swift; path = ChatterBatApp.swift; sourceTree = "<group>"; };
		5F0FD74A5952FDB0011A7EAD /* AIService.swift */ = {isa = PBXFileReference; lastKnownFileType = sourcecode.swift; path = AIService.swift; sourceTree = "<group>"; };
		62EFCA5345D6D5FE063C39E9 /* URLSessionHTTPClient.swift */ = {isa = PBXFileReference; lastKnownFileType = sourcecode.swift; path = URLSessionHTTPClient.swift; sourceTree = "<group>"; };
		7232B233648F9C68C900CDCA /* DemoFixtures.swift */ = {isa = PBXFileReference; lastKnownFileType = sourcecode.swift; path = DemoFixtures.swift; sourceTree = "<group>"; };
		77727A6F735DC1A58AA090E3 /* AppDependencies.swift */ = {isa = PBXFileReference; lastKnownFileType = sourcecode.swift; path = AppDependencies.swift; sourceTree = "<group>"; };
		78CD1D9EBB1EC59D2C3D82D3 /* ChatterBat.app */ = {isa = PBXFileReference; explicitFileType = wrapper.application; includeInIndex = 0; path = ChatterBat.app; sourceTree = BUILT_PRODUCTS_DIR; };
		79AB8074B958DA4E2AC08BE9 /* CredentialStore.swift */ = {isa = PBXFileReference; lastKnownFileType = sourcecode.swift; path = CredentialStore.swift; sourceTree = "<group>"; };
		819A422C901BF9B1FAA41A65 /* RootView.swift */ = {isa = PBXFileReference; lastKnownFileType = sourcecode.swift; path = RootView.swift; sourceTree = "<group>"; };
		88448C9DAC735F899CA79019 /* VeniceConnectionCheckerTests.swift */ = {isa = PBXFileReference; lastKnownFileType = sourcecode.swift; path = VeniceConnectionCheckerTests.swift; sourceTree = "<group>"; };
		981573A74AAA4A3DBBAC0584 /* ConversationTests.swift */ = {isa = PBXFileReference; lastKnownFileType = sourcecode.swift; path = ConversationTests.swift; sourceTree = "<group>"; };
		9A6586C3FF5BF824CD17ED6F /* OpenRouterConnectionCheckerTests.swift */ = {isa = PBXFileReference; lastKnownFileType = sourcecode.swift; path = OpenRouterConnectionCheckerTests.swift; sourceTree = "<group>"; };
		9F924A3FC760723C1EC1CDDF /* OpenRouterConnectionChecker.swift */ = {isa = PBXFileReference; lastKnownFileType = sourcecode.swift; path = OpenRouterConnectionChecker.swift; sourceTree = "<group>"; };
		A48EEDB52DA2B3B9C7353D9B /* ChatterBatUITests.swift */ = {isa = PBXFileReference; lastKnownFileType = sourcecode.swift; path = ChatterBatUITests.swift; sourceTree = "<group>"; };
		AEAC8219A38E4FB8A6771FD6 /* KeychainCredentialStore.swift */ = {isa = PBXFileReference; lastKnownFileType = sourcecode.swift; path = KeychainCredentialStore.swift; sourceTree = "<group>"; };
		B389342A1802D0883018F85D /* InMemoryCredentialStore.swift */ = {isa = PBXFileReference; lastKnownFileType = sourcecode.swift; path = InMemoryCredentialStore.swift; sourceTree = "<group>"; };
		BEF5A938004D6689584F9A91 /* SettingsView.swift */ = {isa = PBXFileReference; lastKnownFileType = sourcecode.swift; path = SettingsView.swift; sourceTree = "<group>"; };
		C32EF34BAE22CA3A0F9F5FD2 /* ChatterBat.entitlements */ = {isa = PBXFileReference; lastKnownFileType = text.plist.entitlements; path = ChatterBat.entitlements; sourceTree = "<group>"; };
		C422BB3089D4F1A4AF94FA11 /* Conversation.swift */ = {isa = PBXFileReference; lastKnownFileType = sourcecode.swift; path = Conversation.swift; sourceTree = "<group>"; };
		C4B1D2FBB5DC1DE3A21125FD /* VeniceConnectionChecker.swift */ = {isa = PBXFileReference; lastKnownFileType = sourcecode.swift; path = VeniceConnectionChecker.swift; sourceTree = "<group>"; };
		C5A945AC463E493A4EE0BB2E /* ChatterBatUITests.xctest */ = {isa = PBXFileReference; explicitFileType = wrapper.cfbundle; includeInIndex = 0; path = ChatterBatUITests.xctest; sourceTree = BUILT_PRODUCTS_DIR; };
		CEC5FE6FD125A9902AA3618F /* AccountSettingsViewModelTests.swift */ = {isa = PBXFileReference; lastKnownFileType = sourcecode.swift; path = AccountSettingsViewModelTests.swift; sourceTree = "<group>"; };
		D87F9C3CBC9ED08FED9DE2A5 /* AccountsSettingsView.swift */ = {isa = PBXFileReference; lastKnownFileType = sourcecode.swift; path = AccountsSettingsView.swift; sourceTree = "<group>"; };
		E3905A3809FB635AF68FD546 /* ChatterBatTests.xctest */ = {isa = PBXFileReference; explicitFileType = wrapper.cfbundle; includeInIndex = 0; path = ChatterBatTests.xctest; sourceTree = BUILT_PRODUCTS_DIR; };
		E5AF8D3E93040ECF482632D3 /* SidebarView.swift */ = {isa = PBXFileReference; lastKnownFileType = sourcecode.swift; path = SidebarView.swift; sourceTree = "<group>"; };
		EC79499B8AC126496A5D8CA1 /* ConnectionState.swift */ = {isa = PBXFileReference; lastKnownFileType = sourcecode.swift; path = ConnectionState.swift; sourceTree = "<group>"; };
/* End PBXFileReference section */

/* Begin PBXGroup section */
		055E39C50BC1A89FE2A8DDD3 /* Providers */ = {
			isa = PBXGroup;
			children = (
				49FF3C4C155B2DAD78400017 /* ConnectionCheckOutcome.swift */,
				9F924A3FC760723C1EC1CDDF /* OpenRouterConnectionChecker.swift */,
				C4B1D2FBB5DC1DE3A21125FD /* VeniceConnectionChecker.swift */,
			);
			path = Providers;
			sourceTree = "<group>";
		};
		2B43354D82CC2FD6A7EB3854 /* Services */ = {
			isa = PBXGroup;
			children = (
				DE70D7A055947F2F710CC285 /* Keychain */,
				73E3FCB792AD604E8E439959 /* Networking */,
				055E39C50BC1A89FE2A8DDD3 /* Providers */,
			);
			path = Services;
			sourceTree = "<group>";
		};
		2D3B82520F38A105A02DB9F9 /* Products */ = {
			isa = PBXGroup;
			children = (
				78CD1D9EBB1EC59D2C3D82D3 /* ChatterBat.app */,
				E3905A3809FB635AF68FD546 /* ChatterBatTests.xctest */,
				C5A945AC463E493A4EE0BB2E /* ChatterBatUITests.xctest */,
			);
			name = Products;
			sourceTree = "<group>";
		};
		4E2F39FE93A9CA0693153442 /* Features */ = {
			isa = PBXGroup;
			children = (
				659A2B0904C8F0FE215F36F9 /* ModelPicker */,
				6B89952923307144973E9D59 /* Root */,
				5CAF6583B71C37339138D088 /* Settings */,
			);
			path = Features;
			sourceTree = "<group>";
		};
		5CAF6583B71C37339138D088 /* Settings */ = {
			isa = PBXGroup;
			children = (
				2F743664A19FF240FBA0CD91 /* AccountSettingsViewModel.swift */,
				D87F9C3CBC9ED08FED9DE2A5 /* AccountsSettingsView.swift */,
				BEF5A938004D6689584F9A91 /* SettingsView.swift */,
			);
			path = Settings;
			sourceTree = "<group>";
		};
		659A2B0904C8F0FE215F36F9 /* ModelPicker */ = {
			isa = PBXGroup;
			children = (
				32EC234FCC987ABF225F5DD0 /* ModelPickerPlaceholderView.swift */,
			);
			path = ModelPicker;
			sourceTree = "<group>";
		};
		6B89952923307144973E9D59 /* Root */ = {
			isa = PBXGroup;
			children = (
				0023B830F494351AD69717B2 /* AppViewModel.swift */,
				20B62D73A664359B7B4D4DBF /* ConversationDetailView.swift */,
				819A422C901BF9B1FAA41A65 /* RootView.swift */,
				E5AF8D3E93040ECF482632D3 /* SidebarView.swift */,
			);
			path = Root;
			sourceTree = "<group>";
		};
		73E3FCB792AD604E8E439959 /* Networking */ = {
			isa = PBXGroup;
			children = (
				2CFBF7287E3B2DE47556E4CC /* HTTPClient.swift */,
				62EFCA5345D6D5FE063C39E9 /* URLSessionHTTPClient.swift */,
			);
			path = Networking;
			sourceTree = "<group>";
		};
		77134BD3FF4DF3535997C4B8 /* Resources */ = {
			isa = PBXGroup;
			children = (
				3ACB8A324060B727D666C00E /* Assets.xcassets */,
				C32EF34BAE22CA3A0F9F5FD2 /* ChatterBat.entitlements */,
			);
			path = Resources;
			sourceTree = "<group>";
		};
		78FCF833E80FC506598DBC51 /* App */ = {
			isa = PBXGroup;
			children = (
				77727A6F735DC1A58AA090E3 /* AppDependencies.swift */,
				555804DF0D98D980793310D3 /* ChatterBatApp.swift */,
			);
			path = App;
			sourceTree = "<group>";
		};
		899D3B7047D62DAF56A3A86B /* Fakes */ = {
			isa = PBXGroup;
			children = (
				4149F525542074B01C254B07 /* FakeConnectionChecker.swift */,
				3E1FD209811761D8D2101BF1 /* FakeHTTPClient.swift */,
				B389342A1802D0883018F85D /* InMemoryCredentialStore.swift */,
			);
			path = Fakes;
			sourceTree = "<group>";
		};
		95FEE4DB077F404F3246C3E9 /* ChatterBatUITests */ = {
			isa = PBXGroup;
			children = (
				A48EEDB52DA2B3B9C7353D9B /* ChatterBatUITests.swift */,
			);
			path = ChatterBatUITests;
			sourceTree = "<group>";
		};
		A00117C460AD4E9A81BA4A11 /* ChatterBat */ = {
			isa = PBXGroup;
			children = (
				78FCF833E80FC506598DBC51 /* App */,
				DA674FA61F723590FB28C345 /* Domain */,
				4E2F39FE93A9CA0693153442 /* Features */,
				77134BD3FF4DF3535997C4B8 /* Resources */,
				2B43354D82CC2FD6A7EB3854 /* Services */,
			);
			path = ChatterBat;
			sourceTree = "<group>";
		};
		C9DFDCF69CEE24A0014E08F4 = {
			isa = PBXGroup;
			children = (
				A00117C460AD4E9A81BA4A11 /* ChatterBat */,
				D3D77E7C82E4D266D8806FCC /* ChatterBatTests */,
				95FEE4DB077F404F3246C3E9 /* ChatterBatUITests */,
				2D3B82520F38A105A02DB9F9 /* Products */,
			);
			sourceTree = "<group>";
		};
		D3D77E7C82E4D266D8806FCC /* ChatterBatTests */ = {
			isa = PBXGroup;
			children = (
				CEC5FE6FD125A9902AA3618F /* AccountSettingsViewModelTests.swift */,
				0A8B6FC2F9366AAE8BB0C598 /* AppViewModelTests.swift */,
				981573A74AAA4A3DBBAC0584 /* ConversationTests.swift */,
				47F5C281177B1FB71B6A03F1 /* KeychainCredentialStoreTests.swift */,
				9A6586C3FF5BF824CD17ED6F /* OpenRouterConnectionCheckerTests.swift */,
				88448C9DAC735F899CA79019 /* VeniceConnectionCheckerTests.swift */,
				899D3B7047D62DAF56A3A86B /* Fakes */,
			);
			path = ChatterBatTests;
			sourceTree = "<group>";
		};
		DA674FA61F723590FB28C345 /* Domain */ = {
			isa = PBXGroup;
			children = (
				5F0FD74A5952FDB0011A7EAD /* AIService.swift */,
				EC79499B8AC126496A5D8CA1 /* ConnectionState.swift */,
				C422BB3089D4F1A4AF94FA11 /* Conversation.swift */,
				7232B233648F9C68C900CDCA /* DemoFixtures.swift */,
			);
			path = Domain;
			sourceTree = "<group>";
		};
		DE70D7A055947F2F710CC285 /* Keychain */ = {
			isa = PBXGroup;
			children = (
				79AB8074B958DA4E2AC08BE9 /* CredentialStore.swift */,
				AEAC8219A38E4FB8A6771FD6 /* KeychainCredentialStore.swift */,
			);
			path = Keychain;
			sourceTree = "<group>";
		};
/* End PBXGroup section */

/* Begin PBXNativeTarget section */
		6F310FD567E555D075AAE59F /* ChatterBatUITests */ = {
			isa = PBXNativeTarget;
			buildConfigurationList = 2D78CEFBD082BBEA7A1609CC /* Build configuration list for PBXNativeTarget "ChatterBatUITests" */;
			buildPhases = (
				85A3E7D49DF4FA602FB137D4 /* Sources */,
			);
			buildRules = (
			);
			dependencies = (
				F968170D786D4CFF33193E56 /* PBXTargetDependency */,
			);
			name = ChatterBatUITests;
			packageProductDependencies = (
			);
			productName = ChatterBatUITests;
			productReference = C5A945AC463E493A4EE0BB2E /* ChatterBatUITests.xctest */;
			productType = "com.apple.product-type.bundle.ui-testing";
		};
		E7375FA269199486F4D7175D /* ChatterBat */ = {
			isa = PBXNativeTarget;
			buildConfigurationList = B9C4659EF3A71596A63C76F8 /* Build configuration list for PBXNativeTarget "ChatterBat" */;
			buildPhases = (
				916BCB55B200EF50E9C09F9E /* Sources */,
				D4B29C1C57F4B2C0149A57B0 /* Resources */,
			);
			buildRules = (
			);
			dependencies = (
			);
			name = ChatterBat;
			packageProductDependencies = (
			);
			productName = ChatterBat;
			productReference = 78CD1D9EBB1EC59D2C3D82D3 /* ChatterBat.app */;
			productType = "com.apple.product-type.application";
		};
		ED46242AF493BBB48060BB28 /* ChatterBatTests */ = {
			isa = PBXNativeTarget;
			buildConfigurationList = C047057A598FD6FB51749E90 /* Build configuration list for PBXNativeTarget "ChatterBatTests" */;
			buildPhases = (
				141A6D389FAE9702929723B0 /* Sources */,
			);
			buildRules = (
			);
			dependencies = (
				E0B012C66E1003CAF00B5478 /* PBXTargetDependency */,
			);
			name = ChatterBatTests;
			packageProductDependencies = (
			);
			productName = ChatterBatTests;
			productReference = E3905A3809FB635AF68FD546 /* ChatterBatTests.xctest */;
			productType = "com.apple.product-type.bundle.unit-test";
		};
/* End PBXNativeTarget section */

/* Begin PBXProject section */
		F0E3DB8F2C25555A4BA7DE97 /* Project object */ = {
			isa = PBXProject;
			attributes = {
				BuildIndependentTargetsInParallel = YES;
				LastUpgradeCheck = 1430;
				TargetAttributes = {
					6F310FD567E555D075AAE59F = {
						ProvisioningStyle = Automatic;
						TestTargetID = E7375FA269199486F4D7175D;
					};
					E7375FA269199486F4D7175D = {
						ProvisioningStyle = Automatic;
					};
					ED46242AF493BBB48060BB28 = {
						ProvisioningStyle = Automatic;
					};
				};
			};
			buildConfigurationList = 7A97671C7DFBE1BD941E723F /* Build configuration list for PBXProject "ChatterBat" */;
			developmentRegion = en;
			hasScannedForEncodings = 0;
			knownRegions = (
				Base,
				en,
			);
			mainGroup = C9DFDCF69CEE24A0014E08F4;
			minimizedProjectReferenceProxies = 1;
			preferredProjectObjectVersion = 77;
			productRefGroup = 2D3B82520F38A105A02DB9F9 /* Products */;
			projectDirPath = "";
			projectRoot = "";
			targets = (
				E7375FA269199486F4D7175D /* ChatterBat */,
				ED46242AF493BBB48060BB28 /* ChatterBatTests */,
				6F310FD567E555D075AAE59F /* ChatterBatUITests */,
			);
		};
/* End PBXProject section */

/* Begin PBXResourcesBuildPhase section */
		D4B29C1C57F4B2C0149A57B0 /* Resources */ = {
			isa = PBXResourcesBuildPhase;
			buildActionMask = 2147483647;
			files = (
				AF46EDCB62E7792CEAD93B96 /* Assets.xcassets in Resources */,
			);
			runOnlyForDeploymentPostprocessing = 0;
		};
/* End PBXResourcesBuildPhase section */

/* Begin PBXSourcesBuildPhase section */
		141A6D389FAE9702929723B0 /* Sources */ = {
			isa = PBXSourcesBuildPhase;
			buildActionMask = 2147483647;
			files = (
				36AB016E69688C6D95CFFC19 /* AccountSettingsViewModelTests.swift in Sources */,
				36FCE75FF558105731CFF8D9 /* AppViewModelTests.swift in Sources */,
				7BF245C2DAAB38A9F1EC3F65 /* ConversationTests.swift in Sources */,
				EEF33DC9ABD39960BB08ACE5 /* FakeConnectionChecker.swift in Sources */,
				341502C8DF67214A9912C9E8 /* FakeHTTPClient.swift in Sources */,
				899BFAF5AD42C8EECAD859D5 /* InMemoryCredentialStore.swift in Sources */,
				0CF57ED6219C2A43F127A4B4 /* KeychainCredentialStoreTests.swift in Sources */,
				7A494858407747E3552BFF8D /* OpenRouterConnectionCheckerTests.swift in Sources */,
				C63F719124417703C6862847 /* VeniceConnectionCheckerTests.swift in Sources */,
			);
			runOnlyForDeploymentPostprocessing = 0;
		};
		85A3E7D49DF4FA602FB137D4 /* Sources */ = {
			isa = PBXSourcesBuildPhase;
			buildActionMask = 2147483647;
			files = (
				4AA901C5AAFA0D35122ED964 /* ChatterBatUITests.swift in Sources */,
			);
			runOnlyForDeploymentPostprocessing = 0;
		};
		916BCB55B200EF50E9C09F9E /* Sources */ = {
			isa = PBXSourcesBuildPhase;
			buildActionMask = 2147483647;
			files = (
				BE8D62C91C1566FCFA98CD00 /* AIService.swift in Sources */,
				67EE2C1528E880FBAAC0E1A1 /* AccountSettingsViewModel.swift in Sources */,
				41ECBDF569D070C193CA8B7A /* AccountsSettingsView.swift in Sources */,
				957E20EB3A1B793459C3CCD2 /* AppDependencies.swift in Sources */,
				E6996DE894CB189179229B32 /* AppViewModel.swift in Sources */,
				5FF1B5E1C4D33C11A9EBCDD7 /* ChatterBatApp.swift in Sources */,
				CF0DC73CE0CDDE2F0AB0842D /* ConnectionCheckOutcome.swift in Sources */,
				696321496F532D4AD2FECE37 /* ConnectionState.swift in Sources */,
				DB2FFB4FF561431BF4C3858B /* Conversation.swift in Sources */,
				9ACA9DFF565B14F27891F2C7 /* ConversationDetailView.swift in Sources */,
				445D4FA16972CE66518E168E /* CredentialStore.swift in Sources */,
				833D1FFD45BFFC38C8FFB2DF /* DemoFixtures.swift in Sources */,
				E652DB9A6354D8310E4E5B43 /* HTTPClient.swift in Sources */,
				CD29703EE74B391C9CCBED82 /* KeychainCredentialStore.swift in Sources */,
				898312DEAC303173FA7A9CEC /* ModelPickerPlaceholderView.swift in Sources */,
				856C59F43C0CE6A0495575CB /* OpenRouterConnectionChecker.swift in Sources */,
				52DFEF0F2D0213E70D0EE359 /* RootView.swift in Sources */,
				D809A7980D481E1986D5AC28 /* SettingsView.swift in Sources */,
				80D73B528DEFD89E467CFB5C /* SidebarView.swift in Sources */,
				16B61147D0610C6634A29FDD /* URLSessionHTTPClient.swift in Sources */,
				778669D53F1EB2238309F32A /* VeniceConnectionChecker.swift in Sources */,
			);
			runOnlyForDeploymentPostprocessing = 0;
		};
/* End PBXSourcesBuildPhase section */

/* Begin PBXTargetDependency section */
		E0B012C66E1003CAF00B5478 /* PBXTargetDependency */ = {
			isa = PBXTargetDependency;
			target = E7375FA269199486F4D7175D /* ChatterBat */;
			targetProxy = 508546CD421274F6F7BF3053 /* PBXContainerItemProxy */;
		};
		F968170D786D4CFF33193E56 /* PBXTargetDependency */ = {
			isa = PBXTargetDependency;
			target = E7375FA269199486F4D7175D /* ChatterBat */;
			targetProxy = 842EF580F5F983269285D513 /* PBXContainerItemProxy */;
		};
/* End PBXTargetDependency section */

/* Begin XCBuildConfiguration section */
		01A9580F6B26FF46429C4ACD /* Release */ = {
			isa = XCBuildConfiguration;
			buildSettings = {
				ASSETCATALOG_COMPILER_APPICON_NAME = AppIcon;
				ASSETCATALOG_COMPILER_GLOBAL_ACCENT_COLOR_NAME = AccentColor;
				CODE_SIGN_ENTITLEMENTS = ChatterBat/Resources/ChatterBat.entitlements;
				COMBINE_HIDPI_IMAGES = YES;
				CURRENT_PROJECT_VERSION = 1;
				GENERATE_INFOPLIST_FILE = YES;
				INFOPLIST_KEY_LSApplicationCategoryType = "public.app-category.productivity";
				INFOPLIST_KEY_NSHumanReadableCopyright = "© 2026 ChatterBat";
				LD_RUNPATH_SEARCH_PATHS = (
					"$(inherited)",
					"@executable_path/../Frameworks",
				);
				MACOSX_DEPLOYMENT_TARGET = 14.0;
				MARKETING_VERSION = 0.1.0;
				PRODUCT_BUNDLE_IDENTIFIER = com.chatterbat.app;
				PRODUCT_NAME = ChatterBat;
				SDKROOT = macosx;
			};
			name = Release;
		};
		1901E7B239E66081C5C915FB /* Debug */ = {
			isa = XCBuildConfiguration;
			buildSettings = {
				BUNDLE_LOADER = "$(TEST_HOST)";
				COMBINE_HIDPI_IMAGES = YES;
				GENERATE_INFOPLIST_FILE = YES;
				LD_RUNPATH_SEARCH_PATHS = (
					"$(inherited)",
					"@executable_path/../Frameworks",
					"@loader_path/../Frameworks",
				);
				MACOSX_DEPLOYMENT_TARGET = 14.0;
				PRODUCT_BUNDLE_IDENTIFIER = com.chatterbat.tests;
				SDKROOT = macosx;
				TEST_HOST = "$(BUILT_PRODUCTS_DIR)/ChatterBat.app/Contents/MacOS/ChatterBat";
			};
			name = Debug;
		};
		1EC9658AB47D9F346CFAFB47 /* Release */ = {
			isa = XCBuildConfiguration;
			buildSettings = {
				BUNDLE_LOADER = "$(TEST_HOST)";
				COMBINE_HIDPI_IMAGES = YES;
				GENERATE_INFOPLIST_FILE = YES;
				LD_RUNPATH_SEARCH_PATHS = (
					"$(inherited)",
					"@executable_path/Frameworks",
					"@loader_path/Frameworks",
				);
				MACOSX_DEPLOYMENT_TARGET = 14.0;
				PRODUCT_BUNDLE_IDENTIFIER = com.chatterbat.uitests;
				SDKROOT = macosx;
				TEST_TARGET_NAME = ChatterBat;
			};
			name = Release;
		};
		227140542B9A84C443240E97 /* Release */ = {
			isa = XCBuildConfiguration;
			buildSettings = {
				ALWAYS_SEARCH_USER_PATHS = NO;
				CLANG_ANALYZER_NONNULL = YES;
				CLANG_ANALYZER_NUMBER_OBJECT_CONVERSION = YES_AGGRESSIVE;
				CLANG_CXX_LANGUAGE_STANDARD = "gnu++14";
				CLANG_CXX_LIBRARY = "libc++";
				CLANG_ENABLE_MODULES = YES;
				CLANG_ENABLE_OBJC_ARC = YES;
				CLANG_ENABLE_OBJC_WEAK = YES;
				CLANG_WARN_BLOCK_CAPTURE_AUTORELEASING = YES;
				CLANG_WARN_BOOL_CONVERSION = YES;
				CLANG_WARN_COMMA = YES;
				CLANG_WARN_CONSTANT_CONVERSION = YES;
				CLANG_WARN_DEPRECATED_OBJC_IMPLEMENTATIONS = YES;
				CLANG_WARN_DIRECT_OBJC_ISA_USAGE = YES_ERROR;
				CLANG_WARN_DOCUMENTATION_COMMENTS = YES;
				CLANG_WARN_EMPTY_BODY = YES;
				CLANG_WARN_ENUM_CONVERSION = YES;
				CLANG_WARN_INFINITE_RECURSION = YES;
				CLANG_WARN_INT_CONVERSION = YES;
				CLANG_WARN_NON_LITERAL_NULL_CONVERSION = YES;
				CLANG_WARN_OBJC_IMPLICIT_RETAIN_SELF = YES;
				CLANG_WARN_OBJC_LITERAL_CONVERSION = YES;
				CLANG_WARN_OBJC_ROOT_CLASS = YES_ERROR;
				CLANG_WARN_QUOTED_INCLUDE_IN_FRAMEWORK_HEADER = YES;
				CLANG_WARN_RANGE_LOOP_ANALYSIS = YES;
				CLANG_WARN_STRICT_PROTOTYPES = YES;
				CLANG_WARN_SUSPICIOUS_MOVE = YES;
				CLANG_WARN_UNGUARDED_AVAILABILITY = YES_AGGRESSIVE;
				CLANG_WARN_UNREACHABLE_CODE = YES;
				CLANG_WARN__DUPLICATE_METHOD_MATCH = YES;
				CODE_SIGN_STYLE = Automatic;
				COPY_PHASE_STRIP = NO;
				DEBUG_INFORMATION_FORMAT = "dwarf-with-dsym";
				ENABLE_HARDENED_RUNTIME = YES;
				ENABLE_NS_ASSERTIONS = NO;
				ENABLE_STRICT_OBJC_MSGSEND = YES;
				ENABLE_TESTABILITY = NO;
				GCC_C_LANGUAGE_STANDARD = gnu11;
				GCC_NO_COMMON_BLOCKS = YES;
				GCC_WARN_64_TO_32_BIT_CONVERSION = YES;
				GCC_WARN_ABOUT_RETURN_TYPE = YES_ERROR;
				GCC_WARN_UNDECLARED_SELECTOR = YES;
				GCC_WARN_UNINITIALIZED_AUTOS = YES_AGGRESSIVE;
				GCC_WARN_UNUSED_FUNCTION = YES;
				GCC_WARN_UNUSED_VARIABLE = YES;
				MACOSX_DEPLOYMENT_TARGET = 14.0;
				MTL_ENABLE_DEBUG_INFO = NO;
				MTL_FAST_MATH = YES;
				PRODUCT_NAME = "$(TARGET_NAME)";
				SDKROOT = macosx;
				SWIFT_COMPILATION_MODE = wholemodule;
				SWIFT_OPTIMIZATION_LEVEL = "-O";
				SWIFT_VERSION = 6.0;
			};
			name = Release;
		};
		3CCDDC36B756FD2B3C954188 /* Debug */ = {
			isa = XCBuildConfiguration;
			buildSettings = {
				ASSETCATALOG_COMPILER_APPICON_NAME = AppIcon;
				ASSETCATALOG_COMPILER_GLOBAL_ACCENT_COLOR_NAME = AccentColor;
				CODE_SIGN_ENTITLEMENTS = ChatterBat/Resources/ChatterBat.entitlements;
				COMBINE_HIDPI_IMAGES = YES;
				CURRENT_PROJECT_VERSION = 1;
				GENERATE_INFOPLIST_FILE = YES;
				INFOPLIST_KEY_LSApplicationCategoryType = "public.app-category.productivity";
				INFOPLIST_KEY_NSHumanReadableCopyright = "© 2026 ChatterBat";
				LD_RUNPATH_SEARCH_PATHS = (
					"$(inherited)",
					"@executable_path/../Frameworks",
				);
				MACOSX_DEPLOYMENT_TARGET = 14.0;
				MARKETING_VERSION = 0.1.0;
				PRODUCT_BUNDLE_IDENTIFIER = com.chatterbat.app;
				PRODUCT_NAME = ChatterBat;
				SDKROOT = macosx;
			};
			name = Debug;
		};
		5F32020B4A67E546B5D3CDE2 /* Debug */ = {
			isa = XCBuildConfiguration;
			buildSettings = {
				BUNDLE_LOADER = "$(TEST_HOST)";
				COMBINE_HIDPI_IMAGES = YES;
				GENERATE_INFOPLIST_FILE = YES;
				LD_RUNPATH_SEARCH_PATHS = (
					"$(inherited)",
					"@executable_path/Frameworks",
					"@loader_path/Frameworks",
				);
				MACOSX_DEPLOYMENT_TARGET = 14.0;
				PRODUCT_BUNDLE_IDENTIFIER = com.chatterbat.uitests;
				SDKROOT = macosx;
				TEST_TARGET_NAME = ChatterBat;
			};
			name = Debug;
		};
		D003E658EC5822A2859D556D /* Release */ = {
			isa = XCBuildConfiguration;
			buildSettings = {
				BUNDLE_LOADER = "$(TEST_HOST)";
				COMBINE_HIDPI_IMAGES = YES;
				GENERATE_INFOPLIST_FILE = YES;
				LD_RUNPATH_SEARCH_PATHS = (
					"$(inherited)",
					"@executable_path/../Frameworks",
					"@loader_path/../Frameworks",
				);
				MACOSX_DEPLOYMENT_TARGET = 14.0;
				PRODUCT_BUNDLE_IDENTIFIER = com.chatterbat.tests;
				SDKROOT = macosx;
				TEST_HOST = "$(BUILT_PRODUCTS_DIR)/ChatterBat.app/Contents/MacOS/ChatterBat";
			};
			name = Release;
		};
		D4875C988534D55AC2F8E407 /* Debug */ = {
			isa = XCBuildConfiguration;
			buildSettings = {
				ALWAYS_SEARCH_USER_PATHS = NO;
				CLANG_ANALYZER_NONNULL = YES;
				CLANG_ANALYZER_NUMBER_OBJECT_CONVERSION = YES_AGGRESSIVE;
				CLANG_CXX_LANGUAGE_STANDARD = "gnu++14";
				CLANG_CXX_LIBRARY = "libc++";
				CLANG_ENABLE_MODULES = YES;
				CLANG_ENABLE_OBJC_ARC = YES;
				CLANG_ENABLE_OBJC_WEAK = YES;
				CLANG_WARN_BLOCK_CAPTURE_AUTORELEASING = YES;
				CLANG_WARN_BOOL_CONVERSION = YES;
				CLANG_WARN_COMMA = YES;
				CLANG_WARN_CONSTANT_CONVERSION = YES;
				CLANG_WARN_DEPRECATED_OBJC_IMPLEMENTATIONS = YES;
				CLANG_WARN_DIRECT_OBJC_ISA_USAGE = YES_ERROR;
				CLANG_WARN_DOCUMENTATION_COMMENTS = YES;
				CLANG_WARN_EMPTY_BODY = YES;
				CLANG_WARN_ENUM_CONVERSION = YES;
				CLANG_WARN_INFINITE_RECURSION = YES;
				CLANG_WARN_INT_CONVERSION = YES;
				CLANG_WARN_NON_LITERAL_NULL_CONVERSION = YES;
				CLANG_WARN_OBJC_IMPLICIT_RETAIN_SELF = YES;
				CLANG_WARN_OBJC_LITERAL_CONVERSION = YES;
				CLANG_WARN_OBJC_ROOT_CLASS = YES_ERROR;
				CLANG_WARN_QUOTED_INCLUDE_IN_FRAMEWORK_HEADER = YES;
				CLANG_WARN_RANGE_LOOP_ANALYSIS = YES;
				CLANG_WARN_STRICT_PROTOTYPES = YES;
				CLANG_WARN_SUSPICIOUS_MOVE = YES;
				CLANG_WARN_UNGUARDED_AVAILABILITY = YES_AGGRESSIVE;
				CLANG_WARN_UNREACHABLE_CODE = YES;
				CLANG_WARN__DUPLICATE_METHOD_MATCH = YES;
				CODE_SIGN_STYLE = Automatic;
				COPY_PHASE_STRIP = NO;
				DEBUG_INFORMATION_FORMAT = dwarf;
				ENABLE_HARDENED_RUNTIME = YES;
				ENABLE_STRICT_OBJC_MSGSEND = YES;
				ENABLE_TESTABILITY = YES;
				GCC_C_LANGUAGE_STANDARD = gnu11;
				GCC_DYNAMIC_NO_PIC = NO;
				GCC_NO_COMMON_BLOCKS = YES;
				GCC_OPTIMIZATION_LEVEL = 0;
				GCC_PREPROCESSOR_DEFINITIONS = (
					"$(inherited)",
					"DEBUG=1",
				);
				GCC_WARN_64_TO_32_BIT_CONVERSION = YES;
				GCC_WARN_ABOUT_RETURN_TYPE = YES_ERROR;
				GCC_WARN_UNDECLARED_SELECTOR = YES;
				GCC_WARN_UNINITIALIZED_AUTOS = YES_AGGRESSIVE;
				GCC_WARN_UNUSED_FUNCTION = YES;
				GCC_WARN_UNUSED_VARIABLE = YES;
				MACOSX_DEPLOYMENT_TARGET = 14.0;
				MTL_ENABLE_DEBUG_INFO = INCLUDE_SOURCE;
				MTL_FAST_MATH = YES;
				ONLY_ACTIVE_ARCH = YES;
				PRODUCT_NAME = "$(TARGET_NAME)";
				SDKROOT = macosx;
				SWIFT_ACTIVE_COMPILATION_CONDITIONS = DEBUG;
				SWIFT_OPTIMIZATION_LEVEL = "-Onone";
				SWIFT_VERSION = 6.0;
			};
			name = Debug;
		};
/* End XCBuildConfiguration section */

/* Begin XCConfigurationList section */
		2D78CEFBD082BBEA7A1609CC /* Build configuration list for PBXNativeTarget "ChatterBatUITests" */ = {
			isa = XCConfigurationList;
			buildConfigurations = (
				5F32020B4A67E546B5D3CDE2 /* Debug */,
				1EC9658AB47D9F346CFAFB47 /* Release */,
			);
			defaultConfigurationIsVisible = 0;
			defaultConfigurationName = Debug;
		};
		7A97671C7DFBE1BD941E723F /* Build configuration list for PBXProject "ChatterBat" */ = {
			isa = XCConfigurationList;
			buildConfigurations = (
				D4875C988534D55AC2F8E407 /* Debug */,
				227140542B9A84C443240E97 /* Release */,
			);
			defaultConfigurationIsVisible = 0;
			defaultConfigurationName = Debug;
		};
		B9C4659EF3A71596A63C76F8 /* Build configuration list for PBXNativeTarget "ChatterBat" */ = {
			isa = XCConfigurationList;
			buildConfigurations = (
				3CCDDC36B756FD2B3C954188 /* Debug */,
				01A9580F6B26FF46429C4ACD /* Release */,
			);
			defaultConfigurationIsVisible = 0;
			defaultConfigurationName = Debug;
		};
		C047057A598FD6FB51749E90 /* Build configuration list for PBXNativeTarget "ChatterBatTests" */ = {
			isa = XCConfigurationList;
			buildConfigurations = (
				1901E7B239E66081C5C915FB /* Debug */,
				D003E658EC5822A2859D556D /* Release */,
			);
			defaultConfigurationIsVisible = 0;
			defaultConfigurationName = Debug;
		};
/* End XCConfigurationList section */
	};
	rootObject = F0E3DB8F2C25555A4BA7DE97 /* Project object */;
}
