// !$*UTF8*$!
{
	archiveVersion = 1;
	classes = {
	};
	objectVersion = 77;
	objects = {

/* Begin PBXBuildFile section */
		04FDA034A9CE0F5DC30AB2FC /* StandardChatStreamingClientTests.swift in Sources */ = {isa = PBXBuildFile; fileRef = AFBE6267AAA5094928DDB208 /* StandardChatStreamingClientTests.swift */; };
		052FEFE55EBB5073EE9C23C2 /* SSEEvent.swift in Sources */ = {isa = PBXBuildFile; fileRef = A0D66F8EEB5B0B4DF3579BD2 /* SSEEvent.swift */; };
		08DB9CCE1C4A8B619A5AD158 /* ModelCatalogDecoding.swift in Sources */ = {isa = PBXBuildFile; fileRef = 4330A5DC5409D3CB252F8678 /* ModelCatalogDecoding.swift */; };
		09699E48F856B2AB09C84DD7 /* ModelRow.swift in Sources */ = {isa = PBXBuildFile; fileRef = 7277C30D2A7D84E7A60C7944 /* ModelRow.swift */; };
		09F3EF61698A8C49EA673E20 /* MessageContentView.swift in Sources */ = {isa = PBXBuildFile; fileRef = 704D562C89FCCAC7F6E74CFB /* MessageContentView.swift */; };
		0CF57ED6219C2A43F127A4B4 /* KeychainCredentialStoreTests.swift in Sources */ = {isa = PBXBuildFile; fileRef = 47F5C281177B1FB71B6A03F1 /* KeychainCredentialStoreTests.swift */; };
		0F6E55ABF48E4D6BF106A777 /* ModelPickerFilter.swift in Sources */ = {isa = PBXBuildFile; fileRef = 6206F00B3B64B5E2693C8473 /* ModelPickerFilter.swift */; };
		0FCDB0F50E9EB7C1C226849C /* SwiftDataConversationRepositoryTests.swift in Sources */ = {isa = PBXBuildFile; fileRef = 10CEC8C3D811B24DB76C2F06 /* SwiftDataConversationRepositoryTests.swift */; };
		16B61147D0610C6634A29FDD /* URLSessionHTTPClient.swift in Sources */ = {isa = PBXBuildFile; fileRef = 62EFCA5345D6D5FE063C39E9 /* URLSessionHTTPClient.swift */; };
		1A63514972744C3950B7269E /* PersistedConversation.swift in Sources */ = {isa = PBXBuildFile; fileRef = 4C1BDA6AB05F1646A2C792D8 /* PersistedConversation.swift */; };
		1D8FDE291E2283298F92B7E7 /* ChatCoordinatorPersistenceAdditionalTests.swift in Sources */ = {isa = PBXBuildFile; fileRef = BEE414BDDCCA25DC722B16FC /* ChatCoordinatorPersistenceAdditionalTests.swift */; };
		1EAAA3D31D968E9D8989BDA0 /* SwiftDataConversationRepository.swift in Sources */ = {isa = PBXBuildFile; fileRef = 41444D765068A517F5838B9C /* SwiftDataConversationRepository.swift */; };
		1F79572B84777985D2673072 /* MessageContentParserTests.swift in Sources */ = {isa = PBXBuildFile; fileRef = EED17C842264534433533000 /* MessageContentParserTests.swift */; };
		224A0F7D868B6A9E5A17D4ED /* ModelPickerViewModelTests.swift in Sources */ = {isa = PBXBuildFile; fileRef = 4A60C692869D1CB801753614 /* ModelPickerViewModelTests.swift */; };
		2613A627B756760FBB541F90 /* ModelPricing.swift in Sources */ = {isa = PBXBuildFile; fileRef = 7A614C076E02FCD309CB7C18 /* ModelPricing.swift */; };
		269653F3762873B9391FBCB3 /* ChatRequestBuilderTests.swift in Sources */ = {isa = PBXBuildFile; fileRef = B5A94140D02BF75EF6F184AC /* ChatRequestBuilderTests.swift */; };
		2B3B3F4E980BF91D92EEF25C /* GenerationState.swift in Sources */ = {isa = PBXBuildFile; fileRef = E22A1CDB1159C067C1FEF4C1 /* GenerationState.swift */; };
		2F0363F0949FC8720E439BCE /* ChatRequestBuilder.swift in Sources */ = {isa = PBXBuildFile; fileRef = A50BD67064894415A316B98C /* ChatRequestBuilder.swift */; };
		341502C8DF67214A9912C9E8 /* FakeHTTPClient.swift in Sources */ = {isa = PBXBuildFile; fileRef = 3E1FD209811761D8D2101BF1 /* FakeHTTPClient.swift */; };
		35249AEFA5BB3A0714804414 /* AutoScrollPolicy.swift in Sources */ = {isa = PBXBuildFile; fileRef = B05D0589BFA8CAD57E42424E /* AutoScrollPolicy.swift */; };
		367D800E332FAA2F05A79845 /* ChatCoordinator.swift in Sources */ = {isa = PBXBuildFile; fileRef = 0AA75BE8350741E65C971430 /* ChatCoordinator.swift */; };
		36AB016E69688C6D95CFFC19 /* AccountSettingsViewModelTests.swift in Sources */ = {isa = PBXBuildFile; fileRef = CEC5FE6FD125A9902AA3618F /* AccountSettingsViewModelTests.swift */; };
		36FCE75FF558105731CFF8D9 /* AppViewModelTests.swift in Sources */ = {isa = PBXBuildFile; fileRef = 0A8B6FC2F9366AAE8BB0C598 /* AppViewModelTests.swift */; };
		3807F1DEE64017088571319D /* ComposerView.swift in Sources */ = {isa = PBXBuildFile; fileRef = 9D92DC2DBF0B32E706F6C267 /* ComposerView.swift */; };
		3C8E083959D791B31AA8F7E3 /* AutoScrollPolicyTests.swift in Sources */ = {isa = PBXBuildFile; fileRef = 3B58B19A9D18869F0A15068A /* AutoScrollPolicyTests.swift */; };
		3D8F60F7C0B2DCF0845CF4D0 /* SSEParser.swift in Sources */ = {isa = PBXBuildFile; fileRef = E58D968778E55A373B7469A2 /* SSEParser.swift */; };
		3F81E1E834E72629552A1467 /* CodeBlockView.swift in Sources */ = {isa = PBXBuildFile; fileRef = 3A8732BA3202F3188AC7D277 /* CodeBlockView.swift */; };
		41ECBDF569D070C193CA8B7A /* AccountsSettingsView.swift in Sources */ = {isa = PBXBuildFile; fileRef = D87F9C3CBC9ED08FED9DE2A5 /* AccountsSettingsView.swift */; };
		426A702450E42EA19A023545 /* ConversationRepository.swift in Sources */ = {isa = PBXBuildFile; fileRef = 6DBD9C1C6BBDC57F02D28C2B /* ConversationRepository.swift */; };
		445D4FA16972CE66518E168E /* CredentialStore.swift in Sources */ = {isa = PBXBuildFile; fileRef = 79AB8074B958DA4E2AC08BE9 /* CredentialStore.swift */; };
		46896A37EAF5D36853E712CD /* MessageContentBlock.swift in Sources */ = {isa = PBXBuildFile; fileRef = 78A0716D5E65B709FF0E9C24 /* MessageContentBlock.swift */; };
		48DFB5733F0953C7037610AD /* ModelPreferencesStore.swift in Sources */ = {isa = PBXBuildFile; fileRef = 90ABC17EB55EA4D6B8141E88 /* ModelPreferencesStore.swift */; };
		4AA3CCFDFD38CACAAC1395BB /* VeniceModelCatalogFetcher.swift in Sources */ = {isa = PBXBuildFile; fileRef = 01F71CA002336AB3DB1B27BC /* VeniceModelCatalogFetcher.swift */; };
		4AA901C5AAFA0D35122ED964 /* ChatterBatUITests.swift in Sources */ = {isa = PBXBuildFile; fileRef = A48EEDB52DA2B3B9C7353D9B /* ChatterBatUITests.swift */; };
		4D7CA143C549FBBA1BF2B558 /* InMemoryConversationRepository.swift in Sources */ = {isa = PBXBuildFile; fileRef = 3756BB5D4EA289EF3848959C /* InMemoryConversationRepository.swift */; };
		4FCAC9915DA0DA852D0FDF9B /* ModelIdentity.swift in Sources */ = {isa = PBXBuildFile; fileRef = 9BF3AA588F5F6790C7379330 /* ModelIdentity.swift */; };
		52DFEF0F2D0213E70D0EE359 /* RootView.swift in Sources */ = {isa = PBXBuildFile; fileRef = 819A422C901BF9B1FAA41A65 /* RootView.swift */; };
		53DF5392F89ADCE1E45ED6DB /* ChatCoordinatorAdvancedSettingsTests.swift in Sources */ = {isa = PBXBuildFile; fileRef = 6B5199020B139C80420F121F /* ChatCoordinatorAdvancedSettingsTests.swift */; };
		5544CD34436A87E28F74F272 /* ContextUsageEstimateTests.swift in Sources */ = {isa = PBXBuildFile; fileRef = 162E9B46742D483BC4671914 /* ContextUsageEstimateTests.swift */; };
		597CA56227AC64DAF3D1C6B3 /* AppViewModelRepositoryTests.swift in Sources */ = {isa = PBXBuildFile; fileRef = DF63BFCBA85536E8560738A2 /* AppViewModelRepositoryTests.swift */; };
		5B2359D6FA44EA9E5C4BD021 /* UserDefaultsModelPreferencesStoreTests.swift in Sources */ = {isa = PBXBuildFile; fileRef = 00D1674C307D9BBFBA72FF9F /* UserDefaultsModelPreferencesStoreTests.swift */; };
		5BCE713698E0F900B09C56F9 /* ConversationExportDocument.swift in Sources */ = {isa = PBXBuildFile; fileRef = E7C43F800785A97F75E359A4 /* ConversationExportDocument.swift */; };
		5D3659E8D98500E3B14AA620 /* ModelCatalogFetchOutcome.swift in Sources */ = {isa = PBXBuildFile; fileRef = D788C0322334DFB452F7091F /* ModelCatalogFetchOutcome.swift */; };
		5FF1B5E1C4D33C11A9EBCDD7 /* ChatterBatApp.swift in Sources */ = {isa = PBXBuildFile; fileRef = 555804DF0D98D980793310D3 /* ChatterBatApp.swift */; };
		62D7489C0A34AFE2644C761E /* PersistedMessage.swift in Sources */ = {isa = PBXBuildFile; fileRef = 2C3506DA52B5592278FAEF75 /* PersistedMessage.swift */; };
		6622459EA718AC8795363CCA /* CapabilitySupport.swift in Sources */ = {isa = PBXBuildFile; fileRef = C50A30D01B0861D9E981E881 /* CapabilitySupport.swift */; };
		67E0AF34EF4CD3BA159DD04A /* TranscriptMessage.swift in Sources */ = {isa = PBXBuildFile; fileRef = DFF8756926F0FE68D1CDC95D /* TranscriptMessage.swift */; };
		67EE2C1528E880FBAAC0E1A1 /* AccountSettingsViewModel.swift in Sources */ = {isa = PBXBuildFile; fileRef = 2F743664A19FF240FBA0CD91 /* AccountSettingsViewModel.swift */; };
		696321496F532D4AD2FECE37 /* ConnectionState.swift in Sources */ = {isa = PBXBuildFile; fileRef = EC79499B8AC126496A5D8CA1 /* ConnectionState.swift */; };
		6F4F43275DF98A700F32593E /* ConversationExport.swift in Sources */ = {isa = PBXBuildFile; fileRef = 79259D06E90DF305688C061F /* ConversationExport.swift */; };
		7323A1458BD17168F9171CDF /* VeniceModelCatalogFetcherTests.swift in Sources */ = {isa = PBXBuildFile; fileRef = 398CD9D5EECE36B980CFDE38 /* VeniceModelCatalogFetcherTests.swift */; };
		747689DB530880A231A5B3D7 /* AdvancedSettingsView.swift in Sources */ = {isa = PBXBuildFile; fileRef = A69161AC5851558688AA29CB /* AdvancedSettingsView.swift */; };
		778669D53F1EB2238309F32A /* VeniceConnectionChecker.swift in Sources */ = {isa = PBXBuildFile; fileRef = C4B1D2FBB5DC1DE3A21125FD /* VeniceConnectionChecker.swift */; };
		780D1FFB2943160CD002FFA0 /* ModelPickerViewModel.swift in Sources */ = {isa = PBXBuildFile; fileRef = 0A58D5E4F7D623B39DBFA88D /* ModelPickerViewModel.swift */; };
		7A494858407747E3552BFF8D /* OpenRouterConnectionCheckerTests.swift in Sources */ = {isa = PBXBuildFile; fileRef = 9A6586C3FF5BF824CD17ED6F /* OpenRouterConnectionCheckerTests.swift */; };
		7BF245C2DAAB38A9F1EC3F65 /* ConversationTests.swift in Sources */ = {isa = PBXBuildFile; fileRef = 981573A74AAA4A3DBBAC0584 /* ConversationTests.swift */; };
		80D73B528DEFD89E467CFB5C /* SidebarView.swift in Sources */ = {isa = PBXBuildFile; fileRef = E5AF8D3E93040ECF482632D3 /* SidebarView.swift */; };
		81072F8A1366863101397953 /* ChatterBatSchemaV1.swift in Sources */ = {isa = PBXBuildFile; fileRef = E9906D4A38DEE7D3B46C43CC /* ChatterBatSchemaV1.swift */; };
		833D1FFD45BFFC38C8FFB2DF /* DemoFixtures.swift in Sources */ = {isa = PBXBuildFile; fileRef = 7232B233648F9C68C900CDCA /* DemoFixtures.swift */; };
		856C59F43C0CE6A0495575CB /* OpenRouterConnectionChecker.swift in Sources */ = {isa = PBXBuildFile; fileRef = 9F924A3FC760723C1EC1CDDF /* OpenRouterConnectionChecker.swift */; };
		8597F56D875890EC5E2D95E4 /* SwiftDataConversationRepositoryAdditionalTests.swift in Sources */ = {isa = PBXBuildFile; fileRef = FCB5CBD610BC8A98B2D235A8 /* SwiftDataConversationRepositoryAdditionalTests.swift */; };
		86462376E530026D542C8CC1 /* OpenRouterModelCatalogFetcher.swift in Sources */ = {isa = PBXBuildFile; fileRef = 7F03D88DC70E8C041CAC83C5 /* OpenRouterModelCatalogFetcher.swift */; };
		899BFAF5AD42C8EECAD859D5 /* InMemoryCredentialStore.swift in Sources */ = {isa = PBXBuildFile; fileRef = B389342A1802D0883018F85D /* InMemoryCredentialStore.swift */; };
		92117F4BF26EEC715B1F800F /* FakeModelCatalogFetcher.swift in Sources */ = {isa = PBXBuildFile; fileRef = FDC440E35621217A631FB293 /* FakeModelCatalogFetcher.swift */; };
		957E20EB3A1B793459C3CCD2 /* AppDependencies.swift in Sources */ = {isa = PBXBuildFile; fileRef = 77727A6F735DC1A58AA090E3 /* AppDependencies.swift */; };
		9A0C4B4013959C8D5E7EEE30 /* ChatUsage.swift in Sources */ = {isa = PBXBuildFile; fileRef = B4D79CFA3F1538D75FE2C55C /* ChatUsage.swift */; };
		9ACA9DFF565B14F27891F2C7 /* ConversationDetailView.swift in Sources */ = {isa = PBXBuildFile; fileRef = 20B62D73A664359B7B4D4DBF /* ConversationDetailView.swift */; };
		A09735037900E8EED098C95E /* FakeStreamingHTTPClient.swift in Sources */ = {isa = PBXBuildFile; fileRef = C74B83D294646D98A5722094 /* FakeStreamingHTTPClient.swift */; };
		A98F0502656261A0D2283C5E /* ChatCoordinatorPersistenceTests.swift in Sources */ = {isa = PBXBuildFile; fileRef = C671767ECF12E4806CF59F7A /* ChatCoordinatorPersistenceTests.swift */; };
		AA341C2BDB781B016E6D15C7 /* ChatStreamDecoderTests.swift in Sources */ = {isa = PBXBuildFile; fileRef = 6C69BFF9E91322D064837257 /* ChatStreamDecoderTests.swift */; };
		ABE5A0D68B909EFF307593F5 /* SSEParserTests.swift in Sources */ = {isa = PBXBuildFile; fileRef = 38DB6823A17E57A67EC5C6DF /* SSEParserTests.swift */; };
		AC6B69C809497F9EF05627D2 /* StreamingHTTPClient.swift in Sources */ = {isa = PBXBuildFile; fileRef = 9436E26B5DE38D78CC6CF2FD /* StreamingHTTPClient.swift */; };
		ACA0D7DF4147DB8F9DD4D35B /* InMemoryModelPreferencesStore.swift in Sources */ = {isa = PBXBuildFile; fileRef = DCCF830A707819B7CED4A2F3 /* InMemoryModelPreferencesStore.swift */; };
		AE3B5143D1E9EB4C3D503246 /* SwiftDataConversationRepositoryContextBoundaryTests.swift in Sources */ = {isa = PBXBuildFile; fileRef = 87306649EA477BB28860AE47 /* SwiftDataConversationRepositoryContextBoundaryTests.swift */; };
		AF46EDCB62E7792CEAD93B96 /* Assets.xcassets in Resources */ = {isa = PBXBuildFile; fileRef = 3ACB8A324060B727D666C00E /* Assets.xcassets */; };
		B5FCE4A63008F380953CDA52 /* ChatCoordinatorTests.swift in Sources */ = {isa = PBXBuildFile; fileRef = 5E0820F50597D95E1D3A696A /* ChatCoordinatorTests.swift */; };
		B80F064F7AEAAAFCD1916E11 /* ChatRole.swift in Sources */ = {isa = PBXBuildFile; fileRef = 5C5EB5639D2A470C9B0E01F5 /* ChatRole.swift */; };
		BAE456649A6942492676BD6E /* ChatStreamEvent.swift in Sources */ = {isa = PBXBuildFile; fileRef = 0B37976F38906ADC36751A14 /* ChatStreamEvent.swift */; };
		BE8D62C91C1566FCFA98CD00 /* AIService.swift in Sources */ = {isa = PBXBuildFile; fileRef = 5F0FD74A5952FDB0011A7EAD /* AIService.swift */; };
		BF28C6B8C5547DABA274738C /* OnboardingStateStore.swift in Sources */ = {isa = PBXBuildFile; fileRef = F912611364DDD9B3C14B20CB /* OnboardingStateStore.swift */; };
		C1D889C1AC9F4762A91BB738 /* AdvancedChatSettings.swift in Sources */ = {isa = PBXBuildFile; fileRef = 2539D53F03EDEEDB6DE3477E /* AdvancedChatSettings.swift */; };
		C38E7187F551F559848CE4F7 /* AppViewModelExportImportTests.swift in Sources */ = {isa = PBXBuildFile; fileRef = AEC4FCFCF7AD0D1B9E98CAC6 /* AppViewModelExportImportTests.swift */; };
		C3CFA21BEDFBC0FC9F268DFD /* TranscriptView.swift in Sources */ = {isa = PBXBuildFile; fileRef = DFB6824EE41886E035D6C50E /* TranscriptView.swift */; };
		C594459F9EDE95005FC77C4F /* UserDefaultsOnboardingStateStoreTests.swift in Sources */ = {isa = PBXBuildFile; fileRef = 94A7A2EB274950A601A576F1 /* UserDefaultsOnboardingStateStoreTests.swift */; };
		C63F719124417703C6862847 /* VeniceConnectionCheckerTests.swift in Sources */ = {isa = PBXBuildFile; fileRef = 88448C9DAC735F899CA79019 /* VeniceConnectionCheckerTests.swift */; };
		C8297F1466C39478C7B9B9CA /* MessageBubble.swift in Sources */ = {isa = PBXBuildFile; fileRef = 3C49701B343C7CCDC7245C60 /* MessageBubble.swift */; };
		CB909B9E20233B630C0B35B9 /* ChatterBatModelContainer.swift in Sources */ = {isa = PBXBuildFile; fileRef = 789264DB45B5C19576823167 /* ChatterBatModelContainer.swift */; };
		CD29703EE74B391C9CCBED82 /* KeychainCredentialStore.swift in Sources */ = {isa = PBXBuildFile; fileRef = AEAC8219A38E4FB8A6771FD6 /* KeychainCredentialStore.swift */; };
		CE47A86D15629B2CC03200E6 /* ChatterBatMigrationPlan.swift in Sources */ = {isa = PBXBuildFile; fileRef = 91F3742F933C620BC8B31DEA /* ChatterBatMigrationPlan.swift */; };
		CF0DC73CE0CDDE2F0AB0842D /* ConnectionCheckOutcome.swift in Sources */ = {isa = PBXBuildFile; fileRef = 49FF3C4C155B2DAD78400017 /* ConnectionCheckOutcome.swift */; };
		CF84D4919572FC2F28311853 /* SwiftDataConversationRepositoryMapping.swift in Sources */ = {isa = PBXBuildFile; fileRef = DD5838D38A8FF8C65DA07962 /* SwiftDataConversationRepositoryMapping.swift */; };
		D809A7980D481E1986D5AC28 /* SettingsView.swift in Sources */ = {isa = PBXBuildFile; fileRef = BEF5A938004D6689584F9A91 /* SettingsView.swift */; };
		D81D5474CA88B7E5027152E6 /* MessageStatusCoding.swift in Sources */ = {isa = PBXBuildFile; fileRef = 7BCFC226C862AB82935F90EF /* MessageStatusCoding.swift */; };
		DB2FFB4FF561431BF4C3858B /* Conversation.swift in Sources */ = {isa = PBXBuildFile; fileRef = C422BB3089D4F1A4AF94FA11 /* Conversation.swift */; };
		DCBE26E2387E50BE84AB46C1 /* OpenRouterModelCatalogFetcherTests.swift in Sources */ = {isa = PBXBuildFile; fileRef = BEF61927195FBDF58F969169 /* OpenRouterModelCatalogFetcherTests.swift */; };
		E0B6A9F8063D1A4CD99545FB /* OnboardingView.swift in Sources */ = {isa = PBXBuildFile; fileRef = 36E1F705EB3F88335E7C5CEF /* OnboardingView.swift */; };
		E39B36AA7427F06EA24702D6 /* CatalogLoadState.swift in Sources */ = {isa = PBXBuildFile; fileRef = 77326785551821D72E1BD5D8 /* CatalogLoadState.swift */; };
		E4A8E5AD52B087F745C0A819 /* AdvancedChatSettingsTests.swift in Sources */ = {isa = PBXBuildFile; fileRef = 2C9DFCDC9EC0F5D1E365406B /* AdvancedChatSettingsTests.swift */; };
		E652DB9A6354D8310E4E5B43 /* HTTPClient.swift in Sources */ = {isa = PBXBuildFile; fileRef = 2CFBF7287E3B2DE47556E4CC /* HTTPClient.swift */; };
		E6996DE894CB189179229B32 /* AppViewModel.swift in Sources */ = {isa = PBXBuildFile; fileRef = 0023B830F494351AD69717B2 /* AppViewModel.swift */; };
		E93B508143DD8C08F559332A /* ConversationExportCodingTests.swift in Sources */ = {isa = PBXBuildFile; fileRef = E8DFA6A4B72D039C6887DB8C /* ConversationExportCodingTests.swift */; };
		EA06E57A31CCF9A4FC38E593 /* ContextUsageEstimate.swift in Sources */ = {isa = PBXBuildFile; fileRef = AB9010F3E0125CF8B26C8F1D /* ContextUsageEstimate.swift */; };
		EA6135B8EBDBD7F8EBA09397 /* FakeChatStreamingClient.swift in Sources */ = {isa = PBXBuildFile; fileRef = 55180791C766A3A2333F87C7 /* FakeChatStreamingClient.swift */; };
		EAEA060266569D99D6426338 /* ConversationExportCoding.swift in Sources */ = {isa = PBXBuildFile; fileRef = E9232A301895C0BB3486DED8 /* ConversationExportCoding.swift */; };
		EB121A64B554AFA2053E0D7E /* ChatRequestError.swift in Sources */ = {isa = PBXBuildFile; fileRef = 4F27001AA9951D07E0EE6E5B /* ChatRequestError.swift */; };
		EEB778E32458C0FF91E4641D /* URLSessionStreamingHTTPClient.swift in Sources */ = {isa = PBXBuildFile; fileRef = C428D696D37BCA37E40874E9 /* URLSessionStreamingHTTPClient.swift */; };
		EEF33DC9ABD39960BB08ACE5 /* FakeConnectionChecker.swift in Sources */ = {isa = PBXBuildFile; fileRef = 4149F525542074B01C254B07 /* FakeConnectionChecker.swift */; };
		F3139DF1F0038865F0C81345 /* ChatStreamingClient.swift in Sources */ = {isa = PBXBuildFile; fileRef = F43DD870CC5AE1683CA820B8 /* ChatStreamingClient.swift */; };
		F54C24943AE3FBDF6CF96018 /* ModelInfo.swift in Sources */ = {isa = PBXBuildFile; fileRef = BBDFD5020335AF028BCA6D01 /* ModelInfo.swift */; };
		F69B61F7E1C9C2F1D8B6D02D /* ChatCoordinatorAdditionalTests.swift in Sources */ = {isa = PBXBuildFile; fileRef = A154D8076B1D89A3FD09D454 /* ChatCoordinatorAdditionalTests.swift */; };
		FCBBA9D12FF93E18D2FF4D7E /* ModelPickerView.swift in Sources */ = {isa = PBXBuildFile; fileRef = E71971E5DD01D74AAA491C7B /* ModelPickerView.swift */; };
/* End PBXBuildFile section */

/* Begin PBXContainerItemProxy section */
		508546CD421274F6F7BF3053 /* PBXContainerItemProxy */ = {
			isa = PBXContainerItemProxy;
			containerPortal = F0E3DB8F2C25555A4BA7DE97 /* Project object */;
			proxyType = 1;
			remoteGlobalIDString = E7375FA269199486F4D7175D;
			remoteInfo = ChatterBat;
		};
		842EF580F5F983269285D513 /* PBXContainerItemProxy */ = {
			isa = PBXContainerItemProxy;
			containerPortal = F0E3DB8F2C25555A4BA7DE97 /* Project object */;
			proxyType = 1;
			remoteGlobalIDString = E7375FA269199486F4D7175D;
			remoteInfo = ChatterBat;
		};
/* End PBXContainerItemProxy section */

/* Begin PBXFileReference section */
		0023B830F494351AD69717B2 /* AppViewModel.swift */ = {isa = PBXFileReference; lastKnownFileType = sourcecode.swift; path = AppViewModel.swift; sourceTree = "<group>"; };
		00D1674C307D9BBFBA72FF9F /* UserDefaultsModelPreferencesStoreTests.swift */ = {isa = PBXFileReference; lastKnownFileType = sourcecode.swift; path = UserDefaultsModelPreferencesStoreTests.swift; sourceTree = "<group>"; };
		01F71CA002336AB3DB1B27BC /* VeniceModelCatalogFetcher.swift */ = {isa = PBXFileReference; lastKnownFileType = sourcecode.swift; path = VeniceModelCatalogFetcher.swift; sourceTree = "<group>"; };
		0A58D5E4F7D623B39DBFA88D /* ModelPickerViewModel.swift */ = {isa = PBXFileReference; lastKnownFileType = sourcecode.swift; path = ModelPickerViewModel.swift; sourceTree = "<group>"; };
		0A8B6FC2F9366AAE8BB0C598 /* AppViewModelTests.swift */ = {isa = PBXFileReference; lastKnownFileType = sourcecode.swift; path = AppViewModelTests.swift; sourceTree = "<group>"; };
		0AA75BE8350741E65C971430 /* ChatCoordinator.swift */ = {isa = PBXFileReference; lastKnownFileType = sourcecode.swift; path = ChatCoordinator.swift; sourceTree = "<group>"; };
		0B37976F38906ADC36751A14 /* ChatStreamEvent.swift */ = {isa = PBXFileReference; lastKnownFileType = sourcecode.swift; path = ChatStreamEvent.swift; sourceTree = "<group>"; };
		10CEC8C3D811B24DB76C2F06 /* SwiftDataConversationRepositoryTests.swift */ = {isa = PBXFileReference; lastKnownFileType = sourcecode.swift; path = SwiftDataConversationRepositoryTests.swift; sourceTree = "<group>"; };
		162E9B46742D483BC4671914 /* ContextUsageEstimateTests.swift */ = {isa = PBXFileReference; lastKnownFileType = sourcecode.swift; path = ContextUsageEstimateTests.swift; sourceTree = "<group>"; };
		20B62D73A664359B7B4D4DBF /* ConversationDetailView.swift */ = {isa = PBXFileReference; lastKnownFileType = sourcecode.swift; path = ConversationDetailView.swift; sourceTree = "<group>"; };
		2539D53F03EDEEDB6DE3477E /* AdvancedChatSettings.swift */ = {isa = PBXFileReference; lastKnownFileType = sourcecode.swift; path = AdvancedChatSettings.swift; sourceTree = "<group>"; };
		2C3506DA52B5592278FAEF75 /* PersistedMessage.swift */ = {isa = PBXFileReference; lastKnownFileType = sourcecode.swift; path = PersistedMessage.swift; sourceTree = "<group>"; };
		2C9DFCDC9EC0F5D1E365406B /* AdvancedChatSettingsTests.swift */ = {isa = PBXFileReference; lastKnownFileType = sourcecode.swift; path = AdvancedChatSettingsTests.swift; sourceTree = "<group>"; };
		2CFBF7287E3B2DE47556E4CC /* HTTPClient.swift */ = {isa = PBXFileReference; lastKnownFileType = sourcecode.swift; path = HTTPClient.swift; sourceTree = "<group>"; };
		2F743664A19FF240FBA0CD91 /* AccountSettingsViewModel.swift */ = {isa = PBXFileReference; lastKnownFileType = sourcecode.swift; path = AccountSettingsViewModel.swift; sourceTree = "<group>"; };
		36E1F705EB3F88335E7C5CEF /* OnboardingView.swift */ = {isa = PBXFileReference; lastKnownFileType = sourcecode.swift; path = OnboardingView.swift; sourceTree = "<group>"; };
		3756BB5D4EA289EF3848959C /* InMemoryConversationRepository.swift */ = {isa = PBXFileReference; lastKnownFileType = sourcecode.swift; path = InMemoryConversationRepository.swift; sourceTree = "<group>"; };
		38DB6823A17E57A67EC5C6DF /* SSEParserTests.swift */ = {isa = PBXFileReference; lastKnownFileType = sourcecode.swift; path = SSEParserTests.swift; sourceTree = "<group>"; };
		398CD9D5EECE36B980CFDE38 /* VeniceModelCatalogFetcherTests.swift */ = {isa = PBXFileReference; lastKnownFileType = sourcecode.swift; path = VeniceModelCatalogFetcherTests.swift; sourceTree = "<group>"; };
		3A8732BA3202F3188AC7D277 /* CodeBlockView.swift */ = {isa = PBXFileReference; lastKnownFileType = sourcecode.swift; path = CodeBlockView.swift; sourceTree = "<group>"; };
		3ACB8A324060B727D666C00E /* Assets.xcassets */ = {isa = PBXFileReference; lastKnownFileType = folder.assetcatalog; path = Assets.xcassets; sourceTree = "<group>"; };
		3B58B19A9D18869F0A15068A /* AutoScrollPolicyTests.swift */ = {isa = PBXFileReference; lastKnownFileType = sourcecode.swift; path = AutoScrollPolicyTests.swift; sourceTree = "<group>"; };
		3C49701B343C7CCDC7245C60 /* MessageBubble.swift */ = {isa = PBXFileReference; lastKnownFileType = sourcecode.swift; path = MessageBubble.swift; sourceTree = "<group>"; };
		3E1FD209811761D8D2101BF1 /* FakeHTTPClient.swift */ = {isa = PBXFileReference; lastKnownFileType = sourcecode.swift; path = FakeHTTPClient.swift; sourceTree = "<group>"; };
		41444D765068A517F5838B9C /* SwiftDataConversationRepository.swift */ = {isa = PBXFileReference; lastKnownFileType = sourcecode.swift; path = SwiftDataConversationRepository.swift; sourceTree = "<group>"; };
		4149F525542074B01C254B07 /* FakeConnectionChecker.swift */ = {isa = PBXFileReference; lastKnownFileType = sourcecode.swift; path = FakeConnectionChecker.swift; sourceTree = "<group>"; };
		4330A5DC5409D3CB252F8678 /* ModelCatalogDecoding.swift */ = {isa = PBXFileReference; lastKnownFileType = sourcecode.swift; path = ModelCatalogDecoding.swift; sourceTree = "<group>"; };
		47F5C281177B1FB71B6A03F1 /* KeychainCredentialStoreTests.swift */ = {isa = PBXFileReference; lastKnownFileType = sourcecode.swift; path = KeychainCredentialStoreTests.swift; sourceTree = "<group>"; };
		49FF3C4C155B2DAD78400017 /* ConnectionCheckOutcome.swift */ = {isa = PBXFileReference; lastKnownFileType = sourcecode.swift; path = ConnectionCheckOutcome.swift; sourceTree = "<group>"; };
		4A60C692869D1CB801753614 /* ModelPickerViewModelTests.swift */ = {isa = PBXFileReference; lastKnownFileType = sourcecode.swift; path = ModelPickerViewModelTests.swift; sourceTree = "<group>"; };
		4C1BDA6AB05F1646A2C792D8 /* PersistedConversation.swift */ = {isa = PBXFileReference; lastKnownFileType = sourcecode.swift; path = PersistedConversation.swift; sourceTree = "<group>"; };
		4F27001AA9951D07E0EE6E5B /* ChatRequestError.swift */ = {isa = PBXFileReference; lastKnownFileType = sourcecode.swift; path = ChatRequestError.swift; sourceTree = "<group>"; };
		55180791C766A3A2333F87C7 /* FakeChatStreamingClient.swift */ = {isa = PBXFileReference; lastKnownFileType = sourcecode.swift; path = FakeChatStreamingClient.swift; sourceTree = "<group>"; };
		555804DF0D98D980793310D3 /* ChatterBatApp.swift */ = {isa = PBXFileReference; lastKnownFileType = sourcecode.swift; path = ChatterBatApp.swift; sourceTree = "<group>"; };
		5C5EB5639D2A470C9B0E01F5 /* ChatRole.swift */ = {isa = PBXFileReference; lastKnownFileType = sourcecode.swift; path = ChatRole.swift; sourceTree = "<group>"; };
		5E0820F50597D95E1D3A696A /* ChatCoordinatorTests.swift */ = {isa = PBXFileReference; lastKnownFileType = sourcecode.swift; path = ChatCoordinatorTests.swift; sourceTree = "<group>"; };
		5F0FD74A5952FDB0011A7EAD /* AIService.swift */ = {isa = PBXFileReference; lastKnownFileType = sourcecode.swift; path = AIService.swift; sourceTree = "<group>"; };
		6206F00B3B64B5E2693C8473 /* ModelPickerFilter.swift */ = {isa = PBXFileReference; lastKnownFileType = sourcecode.swift; path = ModelPickerFilter.swift; sourceTree = "<group>"; };
		62EFCA5345D6D5FE063C39E9 /* URLSessionHTTPClient.swift */ = {isa = PBXFileReference; lastKnownFileType = sourcecode.swift; path = URLSessionHTTPClient.swift; sourceTree = "<group>"; };
		6B5199020B139C80420F121F /* ChatCoordinatorAdvancedSettingsTests.swift */ = {isa = PBXFileReference; lastKnownFileType = sourcecode.swift; path = ChatCoordinatorAdvancedSettingsTests.swift; sourceTree = "<group>"; };
		6C69BFF9E91322D064837257 /* ChatStreamDecoderTests.swift */ = {isa = PBXFileReference; lastKnownFileType = sourcecode.swift; path = ChatStreamDecoderTests.swift; sourceTree = "<group>"; };
		6DBD9C1C6BBDC57F02D28C2B /* ConversationRepository.swift */ = {isa = PBXFileReference; lastKnownFileType = sourcecode.swift; path = ConversationRepository.swift; sourceTree = "<group>"; };
		704D562C89FCCAC7F6E74CFB /* MessageContentView.swift */ = {isa = PBXFileReference; lastKnownFileType = sourcecode.swift; path = MessageContentView.swift; sourceTree = "<group>"; };
		7232B233648F9C68C900CDCA /* DemoFixtures.swift */ = {isa = PBXFileReference; lastKnownFileType = sourcecode.swift; path = DemoFixtures.swift; sourceTree = "<group>"; };
		7277C30D2A7D84E7A60C7944 /* ModelRow.swift */ = {isa = PBXFileReference; lastKnownFileType = sourcecode.swift; path = ModelRow.swift; sourceTree = "<group>"; };
		77326785551821D72E1BD5D8 /* CatalogLoadState.swift */ = {isa = PBXFileReference; lastKnownFileType = sourcecode.swift; path = CatalogLoadState.swift; sourceTree = "<group>"; };
		77727A6F735DC1A58AA090E3 /* AppDependencies.swift */ = {isa = PBXFileReference; lastKnownFileType = sourcecode.swift; path = AppDependencies.swift; sourceTree = "<group>"; };
		789264DB45B5C19576823167 /* ChatterBatModelContainer.swift */ = {isa = PBXFileReference; lastKnownFileType = sourcecode.swift; path = ChatterBatModelContainer.swift; sourceTree = "<group>"; };
		78A0716D5E65B709FF0E9C24 /* MessageContentBlock.swift */ = {isa = PBXFileReference; lastKnownFileType = sourcecode.swift; path = MessageContentBlock.swift; sourceTree = "<group>"; };
		78CD1D9EBB1EC59D2C3D82D3 /* ChatterBat.app */ = {isa = PBXFileReference; explicitFileType = wrapper.application; includeInIndex = 0; path = ChatterBat.app; sourceTree = BUILT_PRODUCTS_DIR; };
		79259D06E90DF305688C061F /* ConversationExport.swift */ = {isa = PBXFileReference; lastKnownFileType = sourcecode.swift; path = ConversationExport.swift; sourceTree = "<group>"; };
		79AB8074B958DA4E2AC08BE9 /* CredentialStore.swift */ = {isa = PBXFileReference; lastKnownFileType = sourcecode.swift; path = CredentialStore.swift; sourceTree = "<group>"; };
		7A614C076E02FCD309CB7C18 /* ModelPricing.swift */ = {isa = PBXFileReference; lastKnownFileType = sourcecode.swift; path = ModelPricing.swift; sourceTree = "<group>"; };
		7BCFC226C862AB82935F90EF /* MessageStatusCoding.swift */ = {isa = PBXFileReference; lastKnownFileType = sourcecode.swift; path = MessageStatusCoding.swift; sourceTree = "<group>"; };
		7F03D88DC70E8C041CAC83C5 /* OpenRouterModelCatalogFetcher.swift */ = {isa = PBXFileReference; lastKnownFileType = sourcecode.swift; path = OpenRouterModelCatalogFetcher.swift; sourceTree = "<group>"; };
		819A422C901BF9B1FAA41A65 /* RootView.swift */ = {isa = PBXFileReference; lastKnownFileType = sourcecode.swift; path = RootView.swift; sourceTree = "<group>"; };
		87306649EA477BB28860AE47 /* SwiftDataConversationRepositoryContextBoundaryTests.swift */ = {isa = PBXFileReference; lastKnownFileType = sourcecode.swift; path = SwiftDataConversationRepositoryContextBoundaryTests.swift; sourceTree = "<group>"; };
		88448C9DAC735F899CA79019 /* VeniceConnectionCheckerTests.swift */ = {isa = PBXFileReference; lastKnownFileType = sourcecode.swift; path = VeniceConnectionCheckerTests.swift; sourceTree = "<group>"; };
		90ABC17EB55EA4D6B8141E88 /* ModelPreferencesStore.swift */ = {isa = PBXFileReference; lastKnownFileType = sourcecode.swift; path = ModelPreferencesStore.swift; sourceTree = "<group>"; };
		91F3742F933C620BC8B31DEA /* ChatterBatMigrationPlan.swift */ = {isa = PBXFileReference; lastKnownFileType = sourcecode.swift; path = ChatterBatMigrationPlan.swift; sourceTree = "<group>"; };
		9436E26B5DE38D78CC6CF2FD /* StreamingHTTPClient.swift */ = {isa = PBXFileReference; lastKnownFileType = sourcecode.swift; path = StreamingHTTPClient.swift; sourceTree = "<group>"; };
		94A7A2EB274950A601A576F1 /* UserDefaultsOnboardingStateStoreTests.swift */ = {isa = PBXFileReference; lastKnownFileType = sourcecode.swift; path = UserDefaultsOnboardingStateStoreTests.swift; sourceTree = "<group>"; };
		981573A74AAA4A3DBBAC0584 /* ConversationTests.swift */ = {isa = PBXFileReference; lastKnownFileType = sourcecode.swift; path = ConversationTests.swift; sourceTree = "<group>"; };
		9A6586C3FF5BF824CD17ED6F /* OpenRouterConnectionCheckerTests.swift */ = {isa = PBXFileReference; lastKnownFileType = sourcecode.swift; path = OpenRouterConnectionCheckerTests.swift; sourceTree = "<group>"; };
		9BF3AA588F5F6790C7379330 /* ModelIdentity.swift */ = {isa = PBXFileReference; lastKnownFileType = sourcecode.swift; path = ModelIdentity.swift; sourceTree = "<group>"; };
		9D92DC2DBF0B32E706F6C267 /* ComposerView.swift */ = {isa = PBXFileReference; lastKnownFileType = sourcecode.swift; path = ComposerView.swift; sourceTree = "<group>"; };
		9F924A3FC760723C1EC1CDDF /* OpenRouterConnectionChecker.swift */ = {isa = PBXFileReference; lastKnownFileType = sourcecode.swift; path = OpenRouterConnectionChecker.swift; sourceTree = "<group>"; };
		A0D66F8EEB5B0B4DF3579BD2 /* SSEEvent.swift */ = {isa = PBXFileReference; lastKnownFileType = sourcecode.swift; path = SSEEvent.swift; sourceTree = "<group>"; };
		A154D8076B1D89A3FD09D454 /* ChatCoordinatorAdditionalTests.swift */ = {isa = PBXFileReference; lastKnownFileType = sourcecode.swift; path = ChatCoordinatorAdditionalTests.swift; sourceTree = "<group>"; };
		A48EEDB52DA2B3B9C7353D9B /* ChatterBatUITests.swift */ = {isa = PBXFileReference; lastKnownFileType = sourcecode.swift; path = ChatterBatUITests.swift; sourceTree = "<group>"; };
		A50BD67064894415A316B98C /* ChatRequestBuilder.swift */ = {isa = PBXFileReference; lastKnownFileType = sourcecode.swift; path = ChatRequestBuilder.swift; sourceTree = "<group>"; };
		A69161AC5851558688AA29CB /* AdvancedSettingsView.swift */ = {isa = PBXFileReference; lastKnownFileType = sourcecode.swift; path = AdvancedSettingsView.swift; sourceTree = "<group>"; };
		AB9010F3E0125CF8B26C8F1D /* ContextUsageEstimate.swift */ = {isa = PBXFileReference; lastKnownFileType = sourcecode.swift; path = ContextUsageEstimate.swift; sourceTree = "<group>"; };
		AEAC8219A38E4FB8A6771FD6 /* KeychainCredentialStore.swift */ = {isa = PBXFileReference; lastKnownFileType = sourcecode.swift; path = KeychainCredentialStore.swift; sourceTree = "<group>"; };
		AEC4FCFCF7AD0D1B9E98CAC6 /* AppViewModelExportImportTests.swift */ = {isa = PBXFileReference; lastKnownFileType = sourcecode.swift; path = AppViewModelExportImportTests.swift; sourceTree = "<group>"; };
		AFBE6267AAA5094928DDB208 /* StandardChatStreamingClientTests.swift */ = {isa = PBXFileReference; lastKnownFileType = sourcecode.swift; path = StandardChatStreamingClientTests.swift; sourceTree = "<group>"; };
		B05D0589BFA8CAD57E42424E /* AutoScrollPolicy.swift */ = {isa = PBXFileReference; lastKnownFileType = sourcecode.swift; path = AutoScrollPolicy.swift; sourceTree = "<group>"; };
		B389342A1802D0883018F85D /* InMemoryCredentialStore.swift */ = {isa = PBXFileReference; lastKnownFileType = sourcecode.swift; path = InMemoryCredentialStore.swift; sourceTree = "<group>"; };
		B4D79CFA3F1538D75FE2C55C /* ChatUsage.swift */ = {isa = PBXFileReference; lastKnownFileType = sourcecode.swift; path = ChatUsage.swift; sourceTree = "<group>"; };
		B5A94140D02BF75EF6F184AC /* ChatRequestBuilderTests.swift */ = {isa = PBXFileReference; lastKnownFileType = sourcecode.swift; path = ChatRequestBuilderTests.swift; sourceTree = "<group>"; };
		BBDFD5020335AF028BCA6D01 /* ModelInfo.swift */ = {isa = PBXFileReference; lastKnownFileType = sourcecode.swift; path = ModelInfo.swift; sourceTree = "<group>"; };
		BEE414BDDCCA25DC722B16FC /* ChatCoordinatorPersistenceAdditionalTests.swift */ = {isa = PBXFileReference; lastKnownFileType = sourcecode.swift; path = ChatCoordinatorPersistenceAdditionalTests.swift; sourceTree = "<group>"; };
		BEF5A938004D6689584F9A91 /* SettingsView.swift */ = {isa = PBXFileReference; lastKnownFileType = sourcecode.swift; path = SettingsView.swift; sourceTree = "<group>"; };
		BEF61927195FBDF58F969169 /* OpenRouterModelCatalogFetcherTests.swift */ = {isa = PBXFileReference; lastKnownFileType = sourcecode.swift; path = OpenRouterModelCatalogFetcherTests.swift; sourceTree = "<group>"; };
		C32EF34BAE22CA3A0F9F5FD2 /* ChatterBat.entitlements */ = {isa = PBXFileReference; lastKnownFileType = text.plist.entitlements; path = ChatterBat.entitlements; sourceTree = "<group>"; };
		C422BB3089D4F1A4AF94FA11 /* Conversation.swift */ = {isa = PBXFileReference; lastKnownFileType = sourcecode.swift; path = Conversation.swift; sourceTree = "<group>"; };
		C428D696D37BCA37E40874E9 /* URLSessionStreamingHTTPClient.swift */ = {isa = PBXFileReference; lastKnownFileType = sourcecode.swift; path = URLSessionStreamingHTTPClient.swift; sourceTree = "<group>"; };
		C4B1D2FBB5DC1DE3A21125FD /* VeniceConnectionChecker.swift */ = {isa = PBXFileReference; lastKnownFileType = sourcecode.swift; path = VeniceConnectionChecker.swift; sourceTree = "<group>"; };
		C50A30D01B0861D9E981E881 /* CapabilitySupport.swift */ = {isa = PBXFileReference; lastKnownFileType = sourcecode.swift; path = CapabilitySupport.swift; sourceTree = "<group>"; };
		C5A945AC463E493A4EE0BB2E /* ChatterBatUITests.xctest */ = {isa = PBXFileReference; explicitFileType = wrapper.cfbundle; includeInIndex = 0; path = ChatterBatUITests.xctest; sourceTree = BUILT_PRODUCTS_DIR; };
		C671767ECF12E4806CF59F7A /* ChatCoordinatorPersistenceTests.swift */ = {isa = PBXFileReference; lastKnownFileType = sourcecode.swift; path = ChatCoordinatorPersistenceTests.swift; sourceTree = "<group>"; };
		C74B83D294646D98A5722094 /* FakeStreamingHTTPClient.swift */ = {isa = PBXFileReference; lastKnownFileType = sourcecode.swift; path = FakeStreamingHTTPClient.swift; sourceTree = "<group>"; };
		CEC5FE6FD125A9902AA3618F /* AccountSettingsViewModelTests.swift */ = {isa = PBXFileReference; lastKnownFileType = sourcecode.swift; path = AccountSettingsViewModelTests.swift; sourceTree = "<group>"; };
		D788C0322334DFB452F7091F /* ModelCatalogFetchOutcome.swift */ = {isa = PBXFileReference; lastKnownFileType = sourcecode.swift; path = ModelCatalogFetchOutcome.swift; sourceTree = "<group>"; };
		D87F9C3CBC9ED08FED9DE2A5 /* AccountsSettingsView.swift */ = {isa = PBXFileReference; lastKnownFileType = sourcecode.swift; path = AccountsSettingsView.swift; sourceTree = "<group>"; };
		DCCF830A707819B7CED4A2F3 /* InMemoryModelPreferencesStore.swift */ = {isa = PBXFileReference; lastKnownFileType = sourcecode.swift; path = InMemoryModelPreferencesStore.swift; sourceTree = "<group>"; };
		DD5838D38A8FF8C65DA07962 /* SwiftDataConversationRepositoryMapping.swift */ = {isa = PBXFileReference; lastKnownFileType = sourcecode.swift; path = SwiftDataConversationRepositoryMapping.swift; sourceTree = "<group>"; };
		DF63BFCBA85536E8560738A2 /* AppViewModelRepositoryTests.swift */ = {isa = PBXFileReference; lastKnownFileType = sourcecode.swift; path = AppViewModelRepositoryTests.swift; sourceTree = "<group>"; };
		DFB6824EE41886E035D6C50E /* TranscriptView.swift */ = {isa = PBXFileReference; lastKnownFileType = sourcecode.swift; path = TranscriptView.swift; sourceTree = "<group>"; };
		DFF8756926F0FE68D1CDC95D /* TranscriptMessage.swift */ = {isa = PBXFileReference; lastKnownFileType = sourcecode.swift; path = TranscriptMessage.swift; sourceTree = "<group>"; };
		E22A1CDB1159C067C1FEF4C1 /* GenerationState.swift */ = {isa = PBXFileReference; lastKnownFileType = sourcecode.swift; path = GenerationState.swift; sourceTree = "<group>"; };
		E3905A3809FB635AF68FD546 /* ChatterBatTests.xctest */ = {isa = PBXFileReference; explicitFileType = wrapper.cfbundle; includeInIndex = 0; path = ChatterBatTests.xctest; sourceTree = BUILT_PRODUCTS_DIR; };
		E58D968778E55A373B7469A2 /* SSEParser.swift */ = {isa = PBXFileReference; lastKnownFileType = sourcecode.swift; path = SSEParser.swift; sourceTree = "<group>"; };
		E5AF8D3E93040ECF482632D3 /* SidebarView.swift */ = {isa = PBXFileReference; lastKnownFileType = sourcecode.swift; path = SidebarView.swift; sourceTree = "<group>"; };
		E71971E5DD01D74AAA491C7B /* ModelPickerView.swift */ = {isa = PBXFileReference; lastKnownFileType = sourcecode.swift; path = ModelPickerView.swift; sourceTree = "<group>"; };
		E7C43F800785A97F75E359A4 /* ConversationExportDocument.swift */ = {isa = PBXFileReference; lastKnownFileType = sourcecode.swift; path = ConversationExportDocument.swift; sourceTree = "<group>"; };
		E8DFA6A4B72D039C6887DB8C /* ConversationExportCodingTests.swift */ = {isa = PBXFileReference; lastKnownFileType = sourcecode.swift; path = ConversationExportCodingTests.swift; sourceTree = "<group>"; };
		E9232A301895C0BB3486DED8 /* ConversationExportCoding.swift */ = {isa = PBXFileReference; lastKnownFileType = sourcecode.swift; path = ConversationExportCoding.swift; sourceTree = "<group>"; };
		E9906D4A38DEE7D3B46C43CC /* ChatterBatSchemaV1.swift */ = {isa = PBXFileReference; lastKnownFileType = sourcecode.swift; path = ChatterBatSchemaV1.swift; sourceTree = "<group>"; };
		EC79499B8AC126496A5D8CA1 /* ConnectionState.swift */ = {isa = PBXFileReference; lastKnownFileType = sourcecode.swift; path = ConnectionState.swift; sourceTree = "<group>"; };
		EED17C842264534433533000 /* MessageContentParserTests.swift */ = {isa = PBXFileReference; lastKnownFileType = sourcecode.swift; path = MessageContentParserTests.swift; sourceTree = "<group>"; };
		F43DD870CC5AE1683CA820B8 /* ChatStreamingClient.swift */ = {isa = PBXFileReference; lastKnownFileType = sourcecode.swift; path = ChatStreamingClient.swift; sourceTree = "<group>"; };
		F912611364DDD9B3C14B20CB /* OnboardingStateStore.swift */ = {isa = PBXFileReference; lastKnownFileType = sourcecode.swift; path = OnboardingStateStore.swift; sourceTree = "<group>"; };
		FCB5CBD610BC8A98B2D235A8 /* SwiftDataConversationRepositoryAdditionalTests.swift */ = {isa = PBXFileReference; lastKnownFileType = sourcecode.swift; path = SwiftDataConversationRepositoryAdditionalTests.swift; sourceTree = "<group>"; };
		FDC440E35621217A631FB293 /* FakeModelCatalogFetcher.swift */ = {isa = PBXFileReference; lastKnownFileType = sourcecode.swift; path = FakeModelCatalogFetcher.swift; sourceTree = "<group>"; };
/* End PBXFileReference section */

/* Begin PBXGroup section */
		055E39C50BC1A89FE2A8DDD3 /* Providers */ = {
			isa = PBXGroup;
			children = (
				49FF3C4C155B2DAD78400017 /* ConnectionCheckOutcome.swift */,
				4330A5DC5409D3CB252F8678 /* ModelCatalogDecoding.swift */,
				D788C0322334DFB452F7091F /* ModelCatalogFetchOutcome.swift */,
				9F924A3FC760723C1EC1CDDF /* OpenRouterConnectionChecker.swift */,
				7F03D88DC70E8C041CAC83C5 /* OpenRouterModelCatalogFetcher.swift */,
				C4B1D2FBB5DC1DE3A21125FD /* VeniceConnectionChecker.swift */,
				01F71CA002336AB3DB1B27BC /* VeniceModelCatalogFetcher.swift */,
			);
			path = Providers;
			sourceTree = "<group>";
		};
		11536D9F71E78E9BAD80427F /* Persistence */ = {
			isa = PBXGroup;
			children = (
				91F3742F933C620BC8B31DEA /* ChatterBatMigrationPlan.swift */,
				789264DB45B5C19576823167 /* ChatterBatModelContainer.swift */,
				E9906D4A38DEE7D3B46C43CC /* ChatterBatSchemaV1.swift */,
				6DBD9C1C6BBDC57F02D28C2B /* ConversationRepository.swift */,
				7BCFC226C862AB82935F90EF /* MessageStatusCoding.swift */,
				4C1BDA6AB05F1646A2C792D8 /* PersistedConversation.swift */,
				2C3506DA52B5592278FAEF75 /* PersistedMessage.swift */,
				41444D765068A517F5838B9C /* SwiftDataConversationRepository.swift */,
				DD5838D38A8FF8C65DA07962 /* SwiftDataConversationRepositoryMapping.swift */,
			);
			path = Persistence;
			sourceTree = "<group>";
		};
		2B43354D82CC2FD6A7EB3854 /* Services */ = {
			isa = PBXGroup;
			children = (
				8C8ED284330D4C3FA7E0582E /* Chat */,
				DE70D7A055947F2F710CC285 /* Keychain */,
				73E3FCB792AD604E8E439959 /* Networking */,
				56E319633C5D6C9E7B40228E /* Preferences */,
				055E39C50BC1A89FE2A8DDD3 /* Providers */,
				F763FD7002B6C3EDAB8A24CD /* Streaming */,
			);
			path = Services;
			sourceTree = "<group>";
		};
		2D3B82520F38A105A02DB9F9 /* Products */ = {
			isa = PBXGroup;
			children = (
				78CD1D9EBB1EC59D2C3D82D3 /* ChatterBat.app */,
				E3905A3809FB635AF68FD546 /* ChatterBatTests.xctest */,
				C5A945AC463E493A4EE0BB2E /* ChatterBatUITests.xctest */,
			);
			name = Products;
			sourceTree = "<group>";
		};
		4E2F39FE93A9CA0693153442 /* Features */ = {
			isa = PBXGroup;
			children = (
				9ACEE70AC8F3075882B03D43 /* Chat */,
				659A2B0904C8F0FE215F36F9 /* ModelPicker */,
				B1DF7D9FAD4B4153B23A5949 /* Onboarding */,
				6B89952923307144973E9D59 /* Root */,
				5CAF6583B71C37339138D088 /* Settings */,
			);
			path = Features;
			sourceTree = "<group>";
		};
		56E319633C5D6C9E7B40228E /* Preferences */ = {
			isa = PBXGroup;
			children = (
				90ABC17EB55EA4D6B8141E88 /* ModelPreferencesStore.swift */,
				F912611364DDD9B3C14B20CB /* OnboardingStateStore.swift */,
			);
			path = Preferences;
			sourceTree = "<group>";
		};
		5CAF6583B71C37339138D088 /* Settings */ = {
			isa = PBXGroup;
			children = (
				2F743664A19FF240FBA0CD91 /* AccountSettingsViewModel.swift */,
				D87F9C3CBC9ED08FED9DE2A5 /* AccountsSettingsView.swift */,
				BEF5A938004D6689584F9A91 /* SettingsView.swift */,
			);
			path = Settings;
			sourceTree = "<group>";
		};
		659A2B0904C8F0FE215F36F9 /* ModelPicker */ = {
			isa = PBXGroup;
			children = (
				6206F00B3B64B5E2693C8473 /* ModelPickerFilter.swift */,
				E71971E5DD01D74AAA491C7B /* ModelPickerView.swift */,
				0A58D5E4F7D623B39DBFA88D /* ModelPickerViewModel.swift */,
				7277C30D2A7D84E7A60C7944 /* ModelRow.swift */,
			);
			path = ModelPicker;
			sourceTree = "<group>";
		};
		6B89952923307144973E9D59 /* Root */ = {
			isa = PBXGroup;
			children = (
				A69161AC5851558688AA29CB /* AdvancedSettingsView.swift */,
				0023B830F494351AD69717B2 /* AppViewModel.swift */,
				3A8732BA3202F3188AC7D277 /* CodeBlockView.swift */,
				9D92DC2DBF0B32E706F6C267 /* ComposerView.swift */,
				20B62D73A664359B7B4D4DBF /* ConversationDetailView.swift */,
				E7C43F800785A97F75E359A4 /* ConversationExportDocument.swift */,
				3C49701B343C7CCDC7245C60 /* MessageBubble.swift */,
				704D562C89FCCAC7F6E74CFB /* MessageContentView.swift */,
				819A422C901BF9B1FAA41A65 /* RootView.swift */,
				E5AF8D3E93040ECF482632D3 /* SidebarView.swift */,
				DFB6824EE41886E035D6C50E /* TranscriptView.swift */,
			);
			path = Root;
			sourceTree = "<group>";
		};
		73E3FCB792AD604E8E439959 /* Networking */ = {
			isa = PBXGroup;
			children = (
				2CFBF7287E3B2DE47556E4CC /* HTTPClient.swift */,
				9436E26B5DE38D78CC6CF2FD /* StreamingHTTPClient.swift */,
				62EFCA5345D6D5FE063C39E9 /* URLSessionHTTPClient.swift */,
				C428D696D37BCA37E40874E9 /* URLSessionStreamingHTTPClient.swift */,
			);
			path = Networking;
			sourceTree = "<group>";
		};
		77134BD3FF4DF3535997C4B8 /* Resources */ = {
			isa = PBXGroup;
			children = (
				3ACB8A324060B727D666C00E /* Assets.xcassets */,
				C32EF34BAE22CA3A0F9F5FD2 /* ChatterBat.entitlements */,
			);
			path = Resources;
			sourceTree = "<group>";
		};
		78FCF833E80FC506598DBC51 /* App */ = {
			isa = PBXGroup;
			children = (
				77727A6F735DC1A58AA090E3 /* AppDependencies.swift */,
				555804DF0D98D980793310D3 /* ChatterBatApp.swift */,
			);
			path = App;
			sourceTree = "<group>";
		};
		899D3B7047D62DAF56A3A86B /* Fakes */ = {
			isa = PBXGroup;
			children = (
				55180791C766A3A2333F87C7 /* FakeChatStreamingClient.swift */,
				4149F525542074B01C254B07 /* FakeConnectionChecker.swift */,
				3E1FD209811761D8D2101BF1 /* FakeHTTPClient.swift */,
				FDC440E35621217A631FB293 /* FakeModelCatalogFetcher.swift */,
				C74B83D294646D98A5722094 /* FakeStreamingHTTPClient.swift */,
				3756BB5D4EA289EF3848959C /* InMemoryConversationRepository.swift */,
				B389342A1802D0883018F85D /* InMemoryCredentialStore.swift */,
				DCCF830A707819B7CED4A2F3 /* InMemoryModelPreferencesStore.swift */,
			);
			path = Fakes;
			sourceTree = "<group>";
		};
		8C8ED284330D4C3FA7E0582E /* Chat */ = {
			isa = PBXGroup;
			children = (
				A50BD67064894415A316B98C /* ChatRequestBuilder.swift */,
				4F27001AA9951D07E0EE6E5B /* ChatRequestError.swift */,
				F43DD870CC5AE1683CA820B8 /* ChatStreamingClient.swift */,
			);
			path = Chat;
			sourceTree = "<group>";
		};
		95FEE4DB077F404F3246C3E9 /* ChatterBatUITests */ = {
			isa = PBXGroup;
			children = (
				A48EEDB52DA2B3B9C7353D9B /* ChatterBatUITests.swift */,
			);
			path = ChatterBatUITests;
			sourceTree = "<group>";
		};
		9ACEE70AC8F3075882B03D43 /* Chat */ = {
			isa = PBXGroup;
			children = (
				0AA75BE8350741E65C971430 /* ChatCoordinator.swift */,
				E22A1CDB1159C067C1FEF4C1 /* GenerationState.swift */,
			);
			path = Chat;
			sourceTree = "<group>";
		};
		A00117C460AD4E9A81BA4A11 /* ChatterBat */ = {
			isa = PBXGroup;
			children = (
				78FCF833E80FC506598DBC51 /* App */,
				DA674FA61F723590FB28C345 /* Domain */,
				4E2F39FE93A9CA0693153442 /* Features */,
				11536D9F71E78E9BAD80427F /* Persistence */,
				77134BD3FF4DF3535997C4B8 /* Resources */,
				2B43354D82CC2FD6A7EB3854 /* Services */,
			);
			path = ChatterBat;
			sourceTree = "<group>";
		};
		B1DF7D9FAD4B4153B23A5949 /* Onboarding */ = {
			isa = PBXGroup;
			children = (
				36E1F705EB3F88335E7C5CEF /* OnboardingView.swift */,
			);
			path = Onboarding;
			sourceTree = "<group>";
		};
		C9DFDCF69CEE24A0014E08F4 = {
			isa = PBXGroup;
			children = (
				A00117C460AD4E9A81BA4A11 /* ChatterBat */,
				D3D77E7C82E4D266D8806FCC /* ChatterBatTests */,
				95FEE4DB077F404F3246C3E9 /* ChatterBatUITests */,
				2D3B82520F38A105A02DB9F9 /* Products */,
			);
			sourceTree = "<group>";
		};
		D3D77E7C82E4D266D8806FCC /* ChatterBatTests */ = {
			isa = PBXGroup;
			children = (
				CEC5FE6FD125A9902AA3618F /* AccountSettingsViewModelTests.swift */,
				2C9DFCDC9EC0F5D1E365406B /* AdvancedChatSettingsTests.swift */,
				AEC4FCFCF7AD0D1B9E98CAC6 /* AppViewModelExportImportTests.swift */,
				DF63BFCBA85536E8560738A2 /* AppViewModelRepositoryTests.swift */,
				0A8B6FC2F9366AAE8BB0C598 /* AppViewModelTests.swift */,
				3B58B19A9D18869F0A15068A /* AutoScrollPolicyTests.swift */,
				A154D8076B1D89A3FD09D454 /* ChatCoordinatorAdditionalTests.swift */,
				6B5199020B139C80420F121F /* ChatCoordinatorAdvancedSettingsTests.swift */,
				BEE414BDDCCA25DC722B16FC /* ChatCoordinatorPersistenceAdditionalTests.swift */,
				C671767ECF12E4806CF59F7A /* ChatCoordinatorPersistenceTests.swift */,
				5E0820F50597D95E1D3A696A /* ChatCoordinatorTests.swift */,
				B5A94140D02BF75EF6F184AC /* ChatRequestBuilderTests.swift */,
				6C69BFF9E91322D064837257 /* ChatStreamDecoderTests.swift */,
				162E9B46742D483BC4671914 /* ContextUsageEstimateTests.swift */,
				E8DFA6A4B72D039C6887DB8C /* ConversationExportCodingTests.swift */,
				981573A74AAA4A3DBBAC0584 /* ConversationTests.swift */,
				47F5C281177B1FB71B6A03F1 /* KeychainCredentialStoreTests.swift */,
				EED17C842264534433533000 /* MessageContentParserTests.swift */,
				4A60C692869D1CB801753614 /* ModelPickerViewModelTests.swift */,
				9A6586C3FF5BF824CD17ED6F /* OpenRouterConnectionCheckerTests.swift */,
				BEF61927195FBDF58F969169 /* OpenRouterModelCatalogFetcherTests.swift */,
				38DB6823A17E57A67EC5C6DF /* SSEParserTests.swift */,
				AFBE6267AAA5094928DDB208 /* StandardChatStreamingClientTests.swift */,
				FCB5CBD610BC8A98B2D235A8 /* SwiftDataConversationRepositoryAdditionalTests.swift */,
				87306649EA477BB28860AE47 /* SwiftDataConversationRepositoryContextBoundaryTests.swift */,
				10CEC8C3D811B24DB76C2F06 /* SwiftDataConversationRepositoryTests.swift */,
				00D1674C307D9BBFBA72FF9F /* UserDefaultsModelPreferencesStoreTests.swift */,
				94A7A2EB274950A601A576F1 /* UserDefaultsOnboardingStateStoreTests.swift */,
				88448C9DAC735F899CA79019 /* VeniceConnectionCheckerTests.swift */,
				398CD9D5EECE36B980CFDE38 /* VeniceModelCatalogFetcherTests.swift */,
				899D3B7047D62DAF56A3A86B /* Fakes */,
			);
			path = ChatterBatTests;
			sourceTree = "<group>";
		};
		DA674FA61F723590FB28C345 /* Domain */ = {
			isa = PBXGroup;
			children = (
				2539D53F03EDEEDB6DE3477E /* AdvancedChatSettings.swift */,
				5F0FD74A5952FDB0011A7EAD /* AIService.swift */,
				B05D0589BFA8CAD57E42424E /* AutoScrollPolicy.swift */,
				C50A30D01B0861D9E981E881 /* CapabilitySupport.swift */,
				77326785551821D72E1BD5D8 /* CatalogLoadState.swift */,
				5C5EB5639D2A470C9B0E01F5 /* ChatRole.swift */,
				B4D79CFA3F1538D75FE2C55C /* ChatUsage.swift */,
				EC79499B8AC126496A5D8CA1 /* ConnectionState.swift */,
				AB9010F3E0125CF8B26C8F1D /* ContextUsageEstimate.swift */,
				C422BB3089D4F1A4AF94FA11 /* Conversation.swift */,
				79259D06E90DF305688C061F /* ConversationExport.swift */,
				E9232A301895C0BB3486DED8 /* ConversationExportCoding.swift */,
				7232B233648F9C68C900CDCA /* DemoFixtures.swift */,
				78A0716D5E65B709FF0E9C24 /* MessageContentBlock.swift */,
				9BF3AA588F5F6790C7379330 /* ModelIdentity.swift */,
				BBDFD5020335AF028BCA6D01 /* ModelInfo.swift */,
				7A614C076E02FCD309CB7C18 /* ModelPricing.swift */,
				DFF8756926F0FE68D1CDC95D /* TranscriptMessage.swift */,
			);
			path = Domain;
			sourceTree = "<group>";
		};
		DE70D7A055947F2F710CC285 /* Keychain */ = {
			isa = PBXGroup;
			children = (
				79AB8074B958DA4E2AC08BE9 /* CredentialStore.swift */,
				AEAC8219A38E4FB8A6771FD6 /* KeychainCredentialStore.swift */,
			);
			path = Keychain;
			sourceTree = "<group>";
		};
		F763FD7002B6C3EDAB8A24CD /* Streaming */ = {
			isa = PBXGroup;
			children = (
				0B37976F38906ADC36751A14 /* ChatStreamEvent.swift */,
				A0D66F8EEB5B0B4DF3579BD2 /* SSEEvent.swift */,
				E58D968778E55A373B7469A2 /* SSEParser.swift */,
			);
			path = Streaming;
			sourceTree = "<group>";
		};
/* End PBXGroup section */

/* Begin PBXNativeTarget section */
		6F310FD567E555D075AAE59F /* ChatterBatUITests */ = {
			isa = PBXNativeTarget;
			buildConfigurationList = 2D78CEFBD082BBEA7A1609CC /* Build configuration list for PBXNativeTarget "ChatterBatUITests" */;
			buildPhases = (
				85A3E7D49DF4FA602FB137D4 /* Sources */,
			);
			buildRules = (
			);
			dependencies = (
				F968170D786D4CFF33193E56 /* PBXTargetDependency */,
			);
			name = ChatterBatUITests;
			packageProductDependencies = (
			);
			productName = ChatterBatUITests;
			productReference = C5A945AC463E493A4EE0BB2E /* ChatterBatUITests.xctest */;
			productType = "com.apple.product-type.bundle.ui-testing";
		};
		E7375FA269199486F4D7175D /* ChatterBat */ = {
			isa = PBXNativeTarget;
			buildConfigurationList = B9C4659EF3A71596A63C76F8 /* Build configuration list for PBXNativeTarget "ChatterBat" */;
			buildPhases = (
				916BCB55B200EF50E9C09F9E /* Sources */,
				D4B29C1C57F4B2C0149A57B0 /* Resources */,
			);
			buildRules = (
			);
			dependencies = (
			);
			name = ChatterBat;
			packageProductDependencies = (
			);
			productName = ChatterBat;
			productReference = 78CD1D9EBB1EC59D2C3D82D3 /* ChatterBat.app */;
			productType = "com.apple.product-type.application";
		};
		ED46242AF493BBB48060BB28 /* ChatterBatTests */ = {
			isa = PBXNativeTarget;
			buildConfigurationList = C047057A598FD6FB51749E90 /* Build configuration list for PBXNativeTarget "ChatterBatTests" */;
			buildPhases = (
				141A6D389FAE9702929723B0 /* Sources */,
			);
			buildRules = (
			);
			dependencies = (
				E0B012C66E1003CAF00B5478 /* PBXTargetDependency */,
			);
			name = ChatterBatTests;
			packageProductDependencies = (
			);
			productName = ChatterBatTests;
			productReference = E3905A3809FB635AF68FD546 /* ChatterBatTests.xctest */;
			productType = "com.apple.product-type.bundle.unit-test";
		};
/* End PBXNativeTarget section */

/* Begin PBXProject section */
		F0E3DB8F2C25555A4BA7DE97 /* Project object */ = {
			isa = PBXProject;
			attributes = {
				BuildIndependentTargetsInParallel = YES;
				LastUpgradeCheck = 1430;
				TargetAttributes = {
					6F310FD567E555D075AAE59F = {
						ProvisioningStyle = Automatic;
						TestTargetID = E7375FA269199486F4D7175D;
					};
					E7375FA269199486F4D7175D = {
						ProvisioningStyle = Automatic;
					};
					ED46242AF493BBB48060BB28 = {
						ProvisioningStyle = Automatic;
					};
				};
			};
			buildConfigurationList = 7A97671C7DFBE1BD941E723F /* Build configuration list for PBXProject "ChatterBat" */;
			developmentRegion = en;
			hasScannedForEncodings = 0;
			knownRegions = (
				Base,
				en,
			);
			mainGroup = C9DFDCF69CEE24A0014E08F4;
			minimizedProjectReferenceProxies = 1;
			preferredProjectObjectVersion = 77;
			productRefGroup = 2D3B82520F38A105A02DB9F9 /* Products */;
			projectDirPath = "";
			projectRoot = "";
			targets = (
				E7375FA269199486F4D7175D /* ChatterBat */,
				ED46242AF493BBB48060BB28 /* ChatterBatTests */,
				6F310FD567E555D075AAE59F /* ChatterBatUITests */,
			);
		};
/* End PBXProject section */

/* Begin PBXResourcesBuildPhase section */
		D4B29C1C57F4B2C0149A57B0 /* Resources */ = {
			isa = PBXResourcesBuildPhase;
			buildActionMask = 2147483647;
			files = (
				AF46EDCB62E7792CEAD93B96 /* Assets.xcassets in Resources */,
			);
			runOnlyForDeploymentPostprocessing = 0;
		};
/* End PBXResourcesBuildPhase section */

/* Begin PBXSourcesBuildPhase section */
		141A6D389FAE9702929723B0 /* Sources */ = {
			isa = PBXSourcesBuildPhase;
			buildActionMask = 2147483647;
			files = (
				36AB016E69688C6D95CFFC19 /* AccountSettingsViewModelTests.swift in Sources */,
				E4A8E5AD52B087F745C0A819 /* AdvancedChatSettingsTests.swift in Sources */,
				C38E7187F551F559848CE4F7 /* AppViewModelExportImportTests.swift in Sources */,
				597CA56227AC64DAF3D1C6B3 /* AppViewModelRepositoryTests.swift in Sources */,
				36FCE75FF558105731CFF8D9 /* AppViewModelTests.swift in Sources */,
				3C8E083959D791B31AA8F7E3 /* AutoScrollPolicyTests.swift in Sources */,
				F69B61F7E1C9C2F1D8B6D02D /* ChatCoordinatorAdditionalTests.swift in Sources */,
				53DF5392F89ADCE1E45ED6DB /* ChatCoordinatorAdvancedSettingsTests.swift in Sources */,
				1D8FDE291E2283298F92B7E7 /* ChatCoordinatorPersistenceAdditionalTests.swift in Sources */,
				A98F0502656261A0D2283C5E /* ChatCoordinatorPersistenceTests.swift in Sources */,
				B5FCE4A63008F380953CDA52 /* ChatCoordinatorTests.swift in Sources */,
				269653F3762873B9391FBCB3 /* ChatRequestBuilderTests.swift in Sources */,
				AA341C2BDB781B016E6D15C7 /* ChatStreamDecoderTests.swift in Sources */,
				5544CD34436A87E28F74F272 /* ContextUsageEstimateTests.swift in Sources */,
				E93B508143DD8C08F559332A /* ConversationExportCodingTests.swift in Sources */,
				7BF245C2DAAB38A9F1EC3F65 /* ConversationTests.swift in Sources */,
				EA6135B8EBDBD7F8EBA09397 /* FakeChatStreamingClient.swift in Sources */,
				EEF33DC9ABD39960BB08ACE5 /* FakeConnectionChecker.swift in Sources */,
				341502C8DF67214A9912C9E8 /* FakeHTTPClient.swift in Sources */,
				92117F4BF26EEC715B1F800F /* FakeModelCatalogFetcher.swift in Sources */,
				A09735037900E8EED098C95E /* FakeStreamingHTTPClient.swift in Sources */,
				4D7CA143C549FBBA1BF2B558 /* InMemoryConversationRepository.swift in Sources */,
				899BFAF5AD42C8EECAD859D5 /* InMemoryCredentialStore.swift in Sources */,
				ACA0D7DF4147DB8F9DD4D35B /* InMemoryModelPreferencesStore.swift in Sources */,
				0CF57ED6219C2A43F127A4B4 /* KeychainCredentialStoreTests.swift in Sources */,
				1F79572B84777985D2673072 /* MessageContentParserTests.swift in Sources */,
				224A0F7D868B6A9E5A17D4ED /* ModelPickerViewModelTests.swift in Sources */,
				7A494858407747E3552BFF8D /* OpenRouterConnectionCheckerTests.swift in Sources */,
				DCBE26E2387E50BE84AB46C1 /* OpenRouterModelCatalogFetcherTests.swift in Sources */,
				ABE5A0D68B909EFF307593F5 /* SSEParserTests.swift in Sources */,
				04FDA034A9CE0F5DC30AB2FC /* StandardChatStreamingClientTests.swift in Sources */,
				8597F56D875890EC5E2D95E4 /* SwiftDataConversationRepositoryAdditionalTests.swift in Sources */,
				AE3B5143D1E9EB4C3D503246 /* SwiftDataConversationRepositoryContextBoundaryTests.swift in Sources */,
				0FCDB0F50E9EB7C1C226849C /* SwiftDataConversationRepositoryTests.swift in Sources */,
				5B2359D6FA44EA9E5C4BD021 /* UserDefaultsModelPreferencesStoreTests.swift in Sources */,
				C594459F9EDE95005FC77C4F /* UserDefaultsOnboardingStateStoreTests.swift in Sources */,
				C63F719124417703C6862847 /* VeniceConnectionCheckerTests.swift in Sources */,
				7323A1458BD17168F9171CDF /* VeniceModelCatalogFetcherTests.swift in Sources */,
			);
			runOnlyForDeploymentPostprocessing = 0;
		};
		85A3E7D49DF4FA602FB137D4 /* Sources */ = {
			isa = PBXSourcesBuildPhase;
			buildActionMask = 2147483647;
			files = (
				4AA901C5AAFA0D35122ED964 /* ChatterBatUITests.swift in Sources */,
			);
			runOnlyForDeploymentPostprocessing = 0;
		};
		916BCB55B200EF50E9C09F9E /* Sources */ = {
			isa = PBXSourcesBuildPhase;
			buildActionMask = 2147483647;
			files = (
				BE8D62C91C1566FCFA98CD00 /* AIService.swift in Sources */,
				67EE2C1528E880FBAAC0E1A1 /* AccountSettingsViewModel.swift in Sources */,
				41ECBDF569D070C193CA8B7A /* AccountsSettingsView.swift in Sources */,
				C1D889C1AC9F4762A91BB738 /* AdvancedChatSettings.swift in Sources */,
				747689DB530880A231A5B3D7 /* AdvancedSettingsView.swift in Sources */,
				957E20EB3A1B793459C3CCD2 /* AppDependencies.swift in Sources */,
				E6996DE894CB189179229B32 /* AppViewModel.swift in Sources */,
				35249AEFA5BB3A0714804414 /* AutoScrollPolicy.swift in Sources */,
				6622459EA718AC8795363CCA /* CapabilitySupport.swift in Sources */,
				E39B36AA7427F06EA24702D6 /* CatalogLoadState.swift in Sources */,
				367D800E332FAA2F05A79845 /* ChatCoordinator.swift in Sources */,
				2F0363F0949FC8720E439BCE /* ChatRequestBuilder.swift in Sources */,
				EB121A64B554AFA2053E0D7E /* ChatRequestError.swift in Sources */,
				B80F064F7AEAAAFCD1916E11 /* ChatRole.swift in Sources */,
				BAE456649A6942492676BD6E /* ChatStreamEvent.swift in Sources */,
				F3139DF1F0038865F0C81345 /* ChatStreamingClient.swift in Sources */,
				9A0C4B4013959C8D5E7EEE30 /* ChatUsage.swift in Sources */,
				5FF1B5E1C4D33C11A9EBCDD7 /* ChatterBatApp.swift in Sources */,
				CE47A86D15629B2CC03200E6 /* ChatterBatMigrationPlan.swift in Sources */,
				CB909B9E20233B630C0B35B9 /* ChatterBatModelContainer.swift in Sources */,
				81072F8A1366863101397953 /* ChatterBatSchemaV1.swift in Sources */,
				3F81E1E834E72629552A1467 /* CodeBlockView.swift in Sources */,
				3807F1DEE64017088571319D /* ComposerView.swift in Sources */,
				CF0DC73CE0CDDE2F0AB0842D /* ConnectionCheckOutcome.swift in Sources */,
				696321496F532D4AD2FECE37 /* ConnectionState.swift in Sources */,
				EA06E57A31CCF9A4FC38E593 /* ContextUsageEstimate.swift in Sources */,
				DB2FFB4FF561431BF4C3858B /* Conversation.swift in Sources */,
				9ACA9DFF565B14F27891F2C7 /* ConversationDetailView.swift in Sources */,
				6F4F43275DF98A700F32593E /* ConversationExport.swift in Sources */,
				EAEA060266569D99D6426338 /* ConversationExportCoding.swift in Sources */,
				5BCE713698E0F900B09C56F9 /* ConversationExportDocument.swift in Sources */,
				426A702450E42EA19A023545 /* ConversationRepository.swift in Sources */,
				445D4FA16972CE66518E168E /* CredentialStore.swift in Sources */,
				833D1FFD45BFFC38C8FFB2DF /* DemoFixtures.swift in Sources */,
				2B3B3F4E980BF91D92EEF25C /* GenerationState.swift in Sources */,
				E652DB9A6354D8310E4E5B43 /* HTTPClient.swift in Sources */,
				CD29703EE74B391C9CCBED82 /* KeychainCredentialStore.swift in Sources */,
				C8297F1466C39478C7B9B9CA /* MessageBubble.swift in Sources */,
				46896A37EAF5D36853E712CD /* MessageContentBlock.swift in Sources */,
				09F3EF61698A8C49EA673E20 /* MessageContentView.swift in Sources */,
				D81D5474CA88B7E5027152E6 /* MessageStatusCoding.swift in Sources */,
				08DB9CCE1C4A8B619A5AD158 /* ModelCatalogDecoding.swift in Sources */,
				5D3659E8D98500E3B14AA620 /* ModelCatalogFetchOutcome.swift in Sources */,
				4FCAC9915DA0DA852D0FDF9B /* ModelIdentity.swift in Sources */,
				F54C24943AE3FBDF6CF96018 /* ModelInfo.swift in Sources */,
				0F6E55ABF48E4D6BF106A777 /* ModelPickerFilter.swift in Sources */,
				FCBBA9D12FF93E18D2FF4D7E /* ModelPickerView.swift in Sources */,
				780D1FFB2943160CD002FFA0 /* ModelPickerViewModel.swift in Sources */,
				48DFB5733F0953C7037610AD /* ModelPreferencesStore.swift in Sources */,
				2613A627B756760FBB541F90 /* ModelPricing.swift in Sources */,
				09699E48F856B2AB09C84DD7 /* ModelRow.swift in Sources */,
				BF28C6B8C5547DABA274738C /* OnboardingStateStore.swift in Sources */,
				E0B6A9F8063D1A4CD99545FB /* OnboardingView.swift in Sources */,
				856C59F43C0CE6A0495575CB /* OpenRouterConnectionChecker.swift in Sources */,
				86462376E530026D542C8CC1 /* OpenRouterModelCatalogFetcher.swift in Sources */,
				1A63514972744C3950B7269E /* PersistedConversation.swift in Sources */,
				62D7489C0A34AFE2644C761E /* PersistedMessage.swift in Sources */,
				52DFEF0F2D0213E70D0EE359 /* RootView.swift in Sources */,
				052FEFE55EBB5073EE9C23C2 /* SSEEvent.swift in Sources */,
				3D8F60F7C0B2DCF0845CF4D0 /* SSEParser.swift in Sources */,
				D809A7980D481E1986D5AC28 /* SettingsView.swift in Sources */,
				80D73B528DEFD89E467CFB5C /* SidebarView.swift in Sources */,
				AC6B69C809497F9EF05627D2 /* StreamingHTTPClient.swift in Sources */,
				1EAAA3D31D968E9D8989BDA0 /* SwiftDataConversationRepository.swift in Sources */,
				CF84D4919572FC2F28311853 /* SwiftDataConversationRepositoryMapping.swift in Sources */,
				67E0AF34EF4CD3BA159DD04A /* TranscriptMessage.swift in Sources */,
				C3CFA21BEDFBC0FC9F268DFD /* TranscriptView.swift in Sources */,
				16B61147D0610C6634A29FDD /* URLSessionHTTPClient.swift in Sources */,
				EEB778E32458C0FF91E4641D /* URLSessionStreamingHTTPClient.swift in Sources */,
				778669D53F1EB2238309F32A /* VeniceConnectionChecker.swift in Sources */,
				4AA3CCFDFD38CACAAC1395BB /* VeniceModelCatalogFetcher.swift in Sources */,
			);
			runOnlyForDeploymentPostprocessing = 0;
		};
/* End PBXSourcesBuildPhase section */

/* Begin PBXTargetDependency section */
		E0B012C66E1003CAF00B5478 /* PBXTargetDependency */ = {
			isa = PBXTargetDependency;
			target = E7375FA269199486F4D7175D /* ChatterBat */;
			targetProxy = 508546CD421274F6F7BF3053 /* PBXContainerItemProxy */;
		};
		F968170D786D4CFF33193E56 /* PBXTargetDependency */ = {
			isa = PBXTargetDependency;
			target = E7375FA269199486F4D7175D /* ChatterBat */;
			targetProxy = 842EF580F5F983269285D513 /* PBXContainerItemProxy */;
		};
/* End PBXTargetDependency section */

/* Begin XCBuildConfiguration section */
		01A9580F6B26FF46429C4ACD /* Release */ = {
			isa = XCBuildConfiguration;
			buildSettings = {
				ASSETCATALOG_COMPILER_APPICON_NAME = AppIcon;
				ASSETCATALOG_COMPILER_GLOBAL_ACCENT_COLOR_NAME = AccentColor;
				CODE_SIGN_ENTITLEMENTS = ChatterBat/Resources/ChatterBat.entitlements;
				COMBINE_HIDPI_IMAGES = YES;
				CURRENT_PROJECT_VERSION = 1;
				GENERATE_INFOPLIST_FILE = YES;
				INFOPLIST_KEY_LSApplicationCategoryType = "public.app-category.productivity";
				INFOPLIST_KEY_NSHumanReadableCopyright = "© 2026 ChatterBat";
				LD_RUNPATH_SEARCH_PATHS = (
					"$(inherited)",
					"@executable_path/../Frameworks",
				);
				MACOSX_DEPLOYMENT_TARGET = 14.0;
				MARKETING_VERSION = 0.1.0;
				PRODUCT_BUNDLE_IDENTIFIER = com.chatterbat.app;
				PRODUCT_NAME = ChatterBat;
				SDKROOT = macosx;
			};
			name = Release;
		};
		1901E7B239E66081C5C915FB /* Debug */ = {
			isa = XCBuildConfiguration;
			buildSettings = {
				BUNDLE_LOADER = "$(TEST_HOST)";
				COMBINE_HIDPI_IMAGES = YES;
				GENERATE_INFOPLIST_FILE = YES;
				LD_RUNPATH_SEARCH_PATHS = (
					"$(inherited)",
					"@executable_path/../Frameworks",
					"@loader_path/../Frameworks",
				);
				MACOSX_DEPLOYMENT_TARGET = 14.0;
				PRODUCT_BUNDLE_IDENTIFIER = com.chatterbat.tests;
				SDKROOT = macosx;
				TEST_HOST = "$(BUILT_PRODUCTS_DIR)/ChatterBat.app/Contents/MacOS/ChatterBat";
			};
			name = Debug;
		};
		1EC9658AB47D9F346CFAFB47 /* Release */ = {
			isa = XCBuildConfiguration;
			buildSettings = {
				BUNDLE_LOADER = "$(TEST_HOST)";
				COMBINE_HIDPI_IMAGES = YES;
				GENERATE_INFOPLIST_FILE = YES;
				LD_RUNPATH_SEARCH_PATHS = (
					"$(inherited)",
					"@executable_path/Frameworks",
					"@loader_path/Frameworks",
				);
				MACOSX_DEPLOYMENT_TARGET = 14.0;
				PRODUCT_BUNDLE_IDENTIFIER = com.chatterbat.uitests;
				SDKROOT = macosx;
				TEST_TARGET_NAME = ChatterBat;
			};
			name = Release;
		};
		227140542B9A84C443240E97 /* Release */ = {
			isa = XCBuildConfiguration;
			buildSettings = {
				ALWAYS_SEARCH_USER_PATHS = NO;
				CLANG_ANALYZER_NONNULL = YES;
				CLANG_ANALYZER_NUMBER_OBJECT_CONVERSION = YES_AGGRESSIVE;
				CLANG_CXX_LANGUAGE_STANDARD = "gnu++14";
				CLANG_CXX_LIBRARY = "libc++";
				CLANG_ENABLE_MODULES = YES;
				CLANG_ENABLE_OBJC_ARC = YES;
				CLANG_ENABLE_OBJC_WEAK = YES;
				CLANG_WARN_BLOCK_CAPTURE_AUTORELEASING = YES;
				CLANG_WARN_BOOL_CONVERSION = YES;
				CLANG_WARN_COMMA = YES;
				CLANG_WARN_CONSTANT_CONVERSION = YES;
				CLANG_WARN_DEPRECATED_OBJC_IMPLEMENTATIONS = YES;
				CLANG_WARN_DIRECT_OBJC_ISA_USAGE = YES_ERROR;
				CLANG_WARN_DOCUMENTATION_COMMENTS = YES;
				CLANG_WARN_EMPTY_BODY = YES;
				CLANG_WARN_ENUM_CONVERSION = YES;
				CLANG_WARN_INFINITE_RECURSION = YES;
				CLANG_WARN_INT_CONVERSION = YES;
				CLANG_WARN_NON_LITERAL_NULL_CONVERSION = YES;
				CLANG_WARN_OBJC_IMPLICIT_RETAIN_SELF = YES;
				CLANG_WARN_OBJC_LITERAL_CONVERSION = YES;
				CLANG_WARN_OBJC_ROOT_CLASS = YES_ERROR;
				CLANG_WARN_QUOTED_INCLUDE_IN_FRAMEWORK_HEADER = YES;
				CLANG_WARN_RANGE_LOOP_ANALYSIS = YES;
				CLANG_WARN_STRICT_PROTOTYPES = YES;
				CLANG_WARN_SUSPICIOUS_MOVE = YES;
				CLANG_WARN_UNGUARDED_AVAILABILITY = YES_AGGRESSIVE;
				CLANG_WARN_UNREACHABLE_CODE = YES;
				CLANG_WARN__DUPLICATE_METHOD_MATCH = YES;
				CODE_SIGN_STYLE = Automatic;
				COPY_PHASE_STRIP = NO;
				DEBUG_INFORMATION_FORMAT = "dwarf-with-dsym";
				ENABLE_HARDENED_RUNTIME = YES;
				ENABLE_NS_ASSERTIONS = NO;
				ENABLE_STRICT_OBJC_MSGSEND = YES;
				ENABLE_TESTABILITY = NO;
				GCC_C_LANGUAGE_STANDARD = gnu11;
				GCC_NO_COMMON_BLOCKS = YES;
				GCC_WARN_64_TO_32_BIT_CONVERSION = YES;
				GCC_WARN_ABOUT_RETURN_TYPE = YES_ERROR;
				GCC_WARN_UNDECLARED_SELECTOR = YES;
				GCC_WARN_UNINITIALIZED_AUTOS = YES_AGGRESSIVE;
				GCC_WARN_UNUSED_FUNCTION = YES;
				GCC_WARN_UNUSED_VARIABLE = YES;
				MACOSX_DEPLOYMENT_TARGET = 14.0;
				MTL_ENABLE_DEBUG_INFO = NO;
				MTL_FAST_MATH = YES;
				PRODUCT_NAME = "$(TARGET_NAME)";
				SDKROOT = macosx;
				SWIFT_COMPILATION_MODE = wholemodule;
				SWIFT_OPTIMIZATION_LEVEL = "-O";
				SWIFT_VERSION = 6.0;
			};
			name = Release;
		};
		3CCDDC36B756FD2B3C954188 /* Debug */ = {
			isa = XCBuildConfiguration;
			buildSettings = {
				ASSETCATALOG_COMPILER_APPICON_NAME = AppIcon;
				ASSETCATALOG_COMPILER_GLOBAL_ACCENT_COLOR_NAME = AccentColor;
				CODE_SIGN_ENTITLEMENTS = ChatterBat/Resources/ChatterBat.entitlements;
				COMBINE_HIDPI_IMAGES = YES;
				CURRENT_PROJECT_VERSION = 1;
				GENERATE_INFOPLIST_FILE = YES;
				INFOPLIST_KEY_LSApplicationCategoryType = "public.app-category.productivity";
				INFOPLIST_KEY_NSHumanReadableCopyright = "© 2026 ChatterBat";
				LD_RUNPATH_SEARCH_PATHS = (
					"$(inherited)",
					"@executable_path/../Frameworks",
				);
				MACOSX_DEPLOYMENT_TARGET = 14.0;
				MARKETING_VERSION = 0.1.0;
				PRODUCT_BUNDLE_IDENTIFIER = com.chatterbat.app;
				PRODUCT_NAME = ChatterBat;
				SDKROOT = macosx;
			};
			name = Debug;
		};
		5F32020B4A67E546B5D3CDE2 /* Debug */ = {
			isa = XCBuildConfiguration;
			buildSettings = {
				BUNDLE_LOADER = "$(TEST_HOST)";
				COMBINE_HIDPI_IMAGES = YES;
				GENERATE_INFOPLIST_FILE = YES;
				LD_RUNPATH_SEARCH_PATHS = (
					"$(inherited)",
					"@executable_path/Frameworks",
					"@loader_path/Frameworks",
				);
				MACOSX_DEPLOYMENT_TARGET = 14.0;
				PRODUCT_BUNDLE_IDENTIFIER = com.chatterbat.uitests;
				SDKROOT = macosx;
				TEST_TARGET_NAME = ChatterBat;
			};
			name = Debug;
		};
		D003E658EC5822A2859D556D /* Release */ = {
			isa = XCBuildConfiguration;
			buildSettings = {
				BUNDLE_LOADER = "$(TEST_HOST)";
				COMBINE_HIDPI_IMAGES = YES;
				GENERATE_INFOPLIST_FILE = YES;
				LD_RUNPATH_SEARCH_PATHS = (
					"$(inherited)",
					"@executable_path/../Frameworks",
					"@loader_path/../Frameworks",
				);
				MACOSX_DEPLOYMENT_TARGET = 14.0;
				PRODUCT_BUNDLE_IDENTIFIER = com.chatterbat.tests;
				SDKROOT = macosx;
				TEST_HOST = "$(BUILT_PRODUCTS_DIR)/ChatterBat.app/Contents/MacOS/ChatterBat";
			};
			name = Release;
		};
		D4875C988534D55AC2F8E407 /* Debug */ = {
			isa = XCBuildConfiguration;
			buildSettings = {
				ALWAYS_SEARCH_USER_PATHS = NO;
				CLANG_ANALYZER_NONNULL = YES;
				CLANG_ANALYZER_NUMBER_OBJECT_CONVERSION = YES_AGGRESSIVE;
				CLANG_CXX_LANGUAGE_STANDARD = "gnu++14";
				CLANG_CXX_LIBRARY = "libc++";
				CLANG_ENABLE_MODULES = YES;
				CLANG_ENABLE_OBJC_ARC = YES;
				CLANG_ENABLE_OBJC_WEAK = YES;
				CLANG_WARN_BLOCK_CAPTURE_AUTORELEASING = YES;
				CLANG_WARN_BOOL_CONVERSION = YES;
				CLANG_WARN_COMMA = YES;
				CLANG_WARN_CONSTANT_CONVERSION = YES;
				CLANG_WARN_DEPRECATED_OBJC_IMPLEMENTATIONS = YES;
				CLANG_WARN_DIRECT_OBJC_ISA_USAGE = YES_ERROR;
				CLANG_WARN_DOCUMENTATION_COMMENTS = YES;
				CLANG_WARN_EMPTY_BODY = YES;
				CLANG_WARN_ENUM_CONVERSION = YES;
				CLANG_WARN_INFINITE_RECURSION = YES;
				CLANG_WARN_INT_CONVERSION = YES;
				CLANG_WARN_NON_LITERAL_NULL_CONVERSION = YES;
				CLANG_WARN_OBJC_IMPLICIT_RETAIN_SELF = YES;
				CLANG_WARN_OBJC_LITERAL_CONVERSION = YES;
				CLANG_WARN_OBJC_ROOT_CLASS = YES_ERROR;
				CLANG_WARN_QUOTED_INCLUDE_IN_FRAMEWORK_HEADER = YES;
				CLANG_WARN_RANGE_LOOP_ANALYSIS = YES;
				CLANG_WARN_STRICT_PROTOTYPES = YES;
				CLANG_WARN_SUSPICIOUS_MOVE = YES;
				CLANG_WARN_UNGUARDED_AVAILABILITY = YES_AGGRESSIVE;
				CLANG_WARN_UNREACHABLE_CODE = YES;
				CLANG_WARN__DUPLICATE_METHOD_MATCH = YES;
				CODE_SIGN_STYLE = Automatic;
				COPY_PHASE_STRIP = NO;
				DEBUG_INFORMATION_FORMAT = dwarf;
				ENABLE_HARDENED_RUNTIME = YES;
				ENABLE_STRICT_OBJC_MSGSEND = YES;
				ENABLE_TESTABILITY = YES;
				GCC_C_LANGUAGE_STANDARD = gnu11;
				GCC_DYNAMIC_NO_PIC = NO;
				GCC_NO_COMMON_BLOCKS = YES;
				GCC_OPTIMIZATION_LEVEL = 0;
				GCC_PREPROCESSOR_DEFINITIONS = (
					"$(inherited)",
					"DEBUG=1",
				);
				GCC_WARN_64_TO_32_BIT_CONVERSION = YES;
				GCC_WARN_ABOUT_RETURN_TYPE = YES_ERROR;
				GCC_WARN_UNDECLARED_SELECTOR = YES;
				GCC_WARN_UNINITIALIZED_AUTOS = YES_AGGRESSIVE;
				GCC_WARN_UNUSED_FUNCTION = YES;
				GCC_WARN_UNUSED_VARIABLE = YES;
				MACOSX_DEPLOYMENT_TARGET = 14.0;
				MTL_ENABLE_DEBUG_INFO = INCLUDE_SOURCE;
				MTL_FAST_MATH = YES;
				ONLY_ACTIVE_ARCH = YES;
				PRODUCT_NAME = "$(TARGET_NAME)";
				SDKROOT = macosx;
				SWIFT_ACTIVE_COMPILATION_CONDITIONS = DEBUG;
				SWIFT_OPTIMIZATION_LEVEL = "-Onone";
				SWIFT_VERSION = 6.0;
			};
			name = Debug;
		};
/* End XCBuildConfiguration section */

/* Begin XCConfigurationList section */
		2D78CEFBD082BBEA7A1609CC /* Build configuration list for PBXNativeTarget "ChatterBatUITests" */ = {
			isa = XCConfigurationList;
			buildConfigurations = (
				5F32020B4A67E546B5D3CDE2 /* Debug */,
				1EC9658AB47D9F346CFAFB47 /* Release */,
			);
			defaultConfigurationIsVisible = 0;
			defaultConfigurationName = Debug;
		};
		7A97671C7DFBE1BD941E723F /* Build configuration list for PBXProject "ChatterBat" */ = {
			isa = XCConfigurationList;
			buildConfigurations = (
				D4875C988534D55AC2F8E407 /* Debug */,
				227140542B9A84C443240E97 /* Release */,
			);
			defaultConfigurationIsVisible = 0;
			defaultConfigurationName = Debug;
		};
		B9C4659EF3A71596A63C76F8 /* Build configuration list for PBXNativeTarget "ChatterBat" */ = {
			isa = XCConfigurationList;
			buildConfigurations = (
				3CCDDC36B756FD2B3C954188 /* Debug */,
				01A9580F6B26FF46429C4ACD /* Release */,
			);
			defaultConfigurationIsVisible = 0;
			defaultConfigurationName = Debug;
		};
		C047057A598FD6FB51749E90 /* Build configuration list for PBXNativeTarget "ChatterBatTests" */ = {
			isa = XCConfigurationList;
			buildConfigurations = (
				1901E7B239E66081C5C915FB /* Debug */,
				D003E658EC5822A2859D556D /* Release */,
			);
			defaultConfigurationIsVisible = 0;
			defaultConfigurationName = Debug;
		};
/* End XCConfigurationList section */
	};
	rootObject = F0E3DB8F2C25555A4BA7DE97 /* Project object */;
}
